apiVersion: vendir.k14s.io/v1alpha1
directories:
- contents:
  - configDigest: aa0e368d66904ee0c7a6bf220fb0030fde9b8cce98b1668db217d15062ebf9e9
    helmChart:
      appVersion: 7.4.0
      version: 20.1.0
    path: .
  path: .myks/vendir-cache/helm-redis-20.1.0-5e48bea7e11ea41/data
kind: LockConfig
