apiVersion: vendir.k14s.io/v1alpha1
directories:
- contents:
  - configDigest: b4b4c11e42f08dc8383e7902b1c72026ad181b22d6e4626a0af4863a37c7bac5
    helmChart:
      appVersion: 7.4.0
      version: 20.1.5
    path: .
  path: .myks/vendir-cache/helm-redis-20.1.5-5f587ea7e2056a8/data
kind: LockConfig
