apiVersion: vendir.k14s.io/v1alpha1
directories:
- contents:
  - configDigest: ca41ab4c928b6e7f17fa1806a86092cf4d94338d856bccb61995d1f5e129a4e6
    helmChart:
      appVersion: v3.4.4
      version: 9.5.22
    path: .
  path: .myks/vendir-cache/helm-argo-cd-9.5.22-9acf74929bbe44ae/data
kind: LockConfig
