apiVersion: vendir.k14s.io/v1alpha1
directories:
- contents:
  - configDigest: 32a03360a39f74f03276cea2615c18b1b8242b59e06467896e10b1532cb2b9db
    helmChart:
      appVersion: 8.8.0
      version: 27.0.0
    path: .
  path: .myks/vendir-cache/helm-redis-27.0.0-e71122b68a8ed6c2/data
kind: LockConfig
