dependencies:
- name: postgresql
  repository: https://charts.bitnami.com/bitnami
  version: 15.5.36
- name: mariadb
  repository: https://charts.bitnami.com/bitnami
  version: 18.2.6
- name: redis
  repository: https://charts.bitnami.com/bitnami
  version: 19.6.4
digest: sha256:951445246a9e54b34108e92491671cd7db4ab726480f03242fb81afa503850f5
generated: "2024-09-29T13:04:35.458217216+10:00"
