apiVersion: vendir.k14s.io/v1alpha1
directories:
- contents:
  - configDigest: 58e73351b1903b0d78c876261edb85ff080a04554db7926cc3ab0d16efe85022
    helmChart:
      appVersion: v3.7.10
      version: 41.2.0
    path: .
  path: .myks/vendir-cache/helm-traefik-41.2.0-7b3ada7a3a9b2293/data
kind: LockConfig
