---
apiVersion: imgpkg.carvel.dev/v1alpha1
images:
- annotations:
    kbld.carvel.dev/id: docker.io/grafana/alloy:v1.7.4
    kbld.carvel.dev/origins: |
      - resolved:
          tag: v1.7.4
          url: oci.zebradil.dev/hub.docker.com-cache/grafana/alloy:v1.7.4
  image: oci.zebradil.dev/hub.docker.com-cache/grafana/alloy@sha256:fd2d274beeed926ffe62cf353df12a69d37af61e9a27eb4dc897a127755e4d95
- annotations:
    kbld.carvel.dev/id: ghcr.io/jimmidyson/configmap-reload:v0.14.0
    kbld.carvel.dev/origins: |
      - resolved:
          tag: v0.14.0
          url: ghcr.io/jimmidyson/configmap-reload:v0.14.0
      - preresolved:
          url: ghcr.io/jimmidyson/configmap-reload@sha256:a35b35f5bd5c5dc59d6885a60ac325235d873defbc819cd1e16f52f897752c85
  image: ghcr.io/jimmidyson/configmap-reload@sha256:a35b35f5bd5c5dc59d6885a60ac325235d873defbc819cd1e16f52f897752c85
- annotations:
    kbld.carvel.dev/id: ghcr.io/opencost/opencost:1.113.0@sha256:b313d6d320058bbd3841a948fb636182f49b46df2368d91e2ae046ed03c0f83c
    kbld.carvel.dev/origins: |
      - preresolved:
          url: ghcr.io/opencost/opencost@sha256:b313d6d320058bbd3841a948fb636182f49b46df2368d91e2ae046ed03c0f83c
  image: ghcr.io/opencost/opencost@sha256:b313d6d320058bbd3841a948fb636182f49b46df2368d91e2ae046ed03c0f83c
- annotations:
    kbld.carvel.dev/id: quay.io/prometheus/node-exporter:v1.9.0
    kbld.carvel.dev/origins: |
      - resolved:
          tag: v1.9.0
          url: quay.io/prometheus/node-exporter:v1.9.0
      - preresolved:
          url: quay.io/prometheus/node-exporter@sha256:c99d7ee4d12a38661788f60d9eca493f08584e2e544bbd3b3fca64749f86b848
  image: quay.io/prometheus/node-exporter@sha256:c99d7ee4d12a38661788f60d9eca493f08584e2e544bbd3b3fca64749f86b848
- annotations:
    kbld.carvel.dev/id: registry.k8s.io/kube-state-metrics/kube-state-metrics:v2.15.0
    kbld.carvel.dev/origins: |
      - resolved:
          tag: v2.15.0
          url: registry.k8s.io/kube-state-metrics/kube-state-metrics:v2.15.0
      - preresolved:
          url: registry.k8s.io/kube-state-metrics/kube-state-metrics@sha256:db384bf43222b066c378e77027a675d4cd9911107adba46c2922b3a55e10d6fb
  image: registry.k8s.io/kube-state-metrics/kube-state-metrics@sha256:db384bf43222b066c378e77027a675d4cd9911107adba46c2922b3a55e10d6fb
kind: ImagesLock
