apiVersion: vendir.k14s.io/v1alpha1
directories:
- contents:
  - configDigest: 4c5a80e4201414a325e20539b72c29cd1caf6b2839d1f232aec3d404af3a8a33
    helmChart:
      appVersion: 16.3.0
      version: 15.5.12
    path: .
  path: .myks/vendir-cache/helm-postgresql-15.5.12-5afe06103e50c4fb/data
kind: LockConfig
