apiVersion: vendir.k14s.io/v1alpha1
directories:
- contents:
  - configDigest: c17de86f308c30345a4c99ef9db8b8563077b4968a54e54fcdabf3d4a203a4c3
    helmChart:
      appVersion: 18.4.0
      version: 18.7.7
    path: .
  path: .myks/vendir-cache/helm-postgresql-18.7.7-5019cea52adbdd49/data
kind: LockConfig
