---
apiVersion: imgpkg.carvel.dev/v1alpha1
images:
- annotations:
    kbld.carvel.dev/id: ghcr.io/dexidp/dex:v2.41.1
    kbld.carvel.dev/origins: |
      - resolved:
          tag: v2.41.1
          url: oci.zebradil.dev/ghcr.io-cache/dexidp/dex:v2.41.1
  image: oci.zebradil.dev/ghcr.io-cache/dexidp/dex@sha256:bc7cfce7c17f52864e2bb2a4dc1d2f86a41e3019f6d42e81d92a301fad0c8a1d
- annotations:
    kbld.carvel.dev/id: quay.io/argoproj/argocd:v2.14.7
    kbld.carvel.dev/origins: |
      - resolved:
          tag: v2.14.7
          url: oci.zebradil.dev/quay.io-cache/argoproj/argocd:v2.14.7
  image: oci.zebradil.dev/quay.io-cache/argoproj/argocd@sha256:1893f23b240cd0a3ee27eccb7d84eb41de1f68bae33772d9a9acdf4e1f72dfba
- annotations:
    kbld.carvel.dev/id: redis:7.0.15-alpine
    kbld.carvel.dev/origins: |
      - resolved:
          tag: 7.0.15-alpine
          url: oci.zebradil.dev/index.docker.io-cache/library/redis:7.0.15-alpine
  image: oci.zebradil.dev/index.docker.io-cache/library/redis@sha256:c9d92d840fd011c908f040592857c724ae6d877f2aba5c40ad963276507386b2
- annotations:
    kbld.carvel.dev/id: registry.access.redhat.com/ubi8
    kbld.carvel.dev/origins: |
      - resolved:
          tag: latest
          url: oci.zebradil.dev/registry.access.redhat.com-cache/ubi8:latest
  image: oci.zebradil.dev/registry.access.redhat.com-cache/ubi8@sha256:bcfca5f27e2d2a822bdbbe7390601edefee48c3cae03b552a33235dcca4a0e24
kind: ImagesLock
