apiVersion: vendir.k14s.io/v1alpha1
directories:
- contents:
  - configDigest: 0783de756c49db923ada60d3686a767e7708e2dbd7c7614c8ca30dcd0cc4231c
    helmChart:
      appVersion: 7.2.5
      version: 19.5.5
    path: .
  path: .myks/vendir-cache/helm-redis-19.5.5-6999630541587948/data
kind: LockConfig
