apiVersion: vendir.k14s.io/v1alpha1
directories:
- contents:
  - configDigest: e9dbeb3205f110e903b17360db1ea3900184cef503cbf404e79acb07c5dabdb0
    helmChart:
      appVersion: 8.6.3
      version: 25.5.3
    path: .
  path: .myks/vendir-cache/helm-redis-25.5.3-63bae4660097150a/data
kind: LockConfig
