apiVersion: vendir.k14s.io/v1alpha1
directories:
- contents:
  - configDigest: fca541c918e8bd7c67a30e891c9b594d328c25e5b3b3b93eea11388cc5132d19
    helmChart:
      appVersion: 18.0.0
      version: 18.0.16
    path: .
  path: .myks/vendir-cache/helm-postgresql-18.0.16-4b1864d59954259b/data
kind: LockConfig
