apiVersion: vendir.k14s.io/v1alpha1
directories:
- contents:
  - configDigest: 124dc3e68d3bf532814a419e23f719a83b99dccc5333389beea9d4c212a48de5
    helmChart:
      appVersion: 8.2.3
      version: 23.2.12
    path: .
  path: .myks/vendir-cache/helm-redis-23.2.12-c8e38a2d5d881d20/data
kind: LockConfig
