apiVersion: vendir.k14s.io/v1alpha1
directories:
- contents:
  - configDigest: 4d9a95b40d275d96837f227f2f159645337c674559a8c96401de79a196fcf125
    helmChart:
      appVersion: v3.6.2
      version: 37.4.0
    path: .
  path: .myks/vendir-cache/helm-traefik-37.4.0-58394144d1378dd1/data
kind: LockConfig
