apiVersion: vendir.k14s.io/v1alpha1
directories:
- contents:
  - configDigest: 12da2e58ee84307e589e21ca3b42019d49d75b4a98d5473d698a9f11b2755ec1
    helmChart:
      appVersion: v3.2.6
      version: 9.3.7
    path: .
  path: .myks/vendir-cache/helm-argo-cd-9.3.7-5016ca76a05c3f7b/data
kind: LockConfig
