apiVersion: vendir.k14s.io/v1alpha1
directories:
- contents:
  - configDigest: 3dc82fda211734eb54195f9c6240db05773ab37b240bc6b764d0c8364cd25bc9
    git:
      commitTitle: Bump version to 2.14.4 on release-2.14 branch (#22176)...
      sha: 3d901f2037888af302a85f518bea70b33ee8e1c7
      tags:
      - stable
    path: .
  path: .myks/vendir-cache/git-argo-cd-origin-v2.14.4-951c3f3045e4dc79/data
kind: LockConfig
