apiVersion: vendir.k14s.io/v1alpha1
directories:
- contents:
  - configDigest: cceff37f95a1fd20558ab3f44f3970fb6f81e54666312cf4225ee82e65356a95
    helmChart:
      appVersion: 18.3.0
      version: 18.5.22
    path: .
  path: .myks/vendir-cache/helm-postgresql-18.5.22-55cecef509f2610a/data
kind: LockConfig
