apiVersion: vendir.k14s.io/v1alpha1
directories:
- contents:
  - configDigest: 2ec275f0d72c1c881d85182764ce829085bd35e928827701fe27088a91465524
    git:
      commitTitle: Release 5.3.0 (#587)...
      sha: e5f54fbd781846f6f1fc1eea4984b10e8c37626e
      tags:
      - 5.3.0
    path: .
  path: envs/alpha/_apps/librespeed/vendor/ytt/librespeed
kind: LockConfig
