apiVersion: vendir.k14s.io/v1alpha1
directories:
- contents:
  - configDigest: bb453b713dea266a9e19e844d4374c981a5decb26788637683ff04fec9061f94
    helmChart:
      appVersion: 7.2.5
      version: 19.6.2
    path: .
  path: .myks/vendir-cache/helm-redis-19.6.2-a8def51d57b90320/data
kind: LockConfig
