apiVersion: vendir.k14s.io/v1alpha1
directories:
- contents:
  - configDigest: 5139da2e85431e4201d3b92dcc90182937844525f4ed6cc8d1e414acfd790cd8
    helmChart:
      appVersion: v1.15.1
      version: v1.15.1
    path: .
  path: .myks/vendir-cache/helm-cert-manager-v1.15.1-24f49e3c9d9c13c2/data
kind: LockConfig
