apiVersion: vendir.k14s.io/v1alpha1
directories:
- contents:
  - configDigest: c57dd2466a9da3ef627ac93bf53c2e640e5eebd7e56f1447bfea65533da25211
    helmChart:
      appVersion: v3.7.5
      version: 41.0.0
    path: .
  path: .myks/vendir-cache/helm-traefik-41.0.0-e806bc4b9d6a55d9/data
kind: LockConfig
