apiVersion: vendir.k14s.io/v1alpha1
directories:
- contents:
  - configDigest: 9f4ca1d465c820e2738769545471b7dd698ef96caacc0bad1c0d660905df0b8f
    helmChart:
      appVersion: v1.18.2
      version: v1.18.2
    path: .
  path: .myks/vendir-cache/helm-cert-manager-v1.18.2-dd2dcca8c3d61a94/data
kind: LockConfig
