apiVersion: vendir.k14s.io/v1alpha1
directories:
- contents:
  - configDigest: 8a2ff7f7d3e2e21b5ab06ac42be983725612f10e584481a075f92774d28913f8
    helmChart:
      appVersion: 17.2.0
      version: 16.3.2
    path: .
  path: .myks/vendir-cache/helm-postgresql-16.3.2-45e97a8c6e56fc43/data
kind: LockConfig
