---
apiVersion: imgpkg.carvel.dev/v1alpha1
images:
- annotations:
    kbld.carvel.dev/id: busybox:1.36.1
    kbld.carvel.dev/origins: |
      - resolved:
          tag: 1.36.1
          url: busybox:1.36.1
      - preresolved:
          url: index.docker.io/library/busybox@sha256:1fcf5df59121b92d61e066df1788e8df0cc35623f5d62d9679a41e163b6a0cdb
  image: index.docker.io/library/busybox@sha256:1fcf5df59121b92d61e066df1788e8df0cc35623f5d62d9679a41e163b6a0cdb
- annotations:
    kbld.carvel.dev/id: filebrowser/filebrowser:v2.44.0
    kbld.carvel.dev/origins: |
      - resolved:
          tag: v2.44.0
          url: filebrowser/filebrowser:v2.44.0
      - preresolved:
          url: index.docker.io/filebrowser/filebrowser@sha256:f63369420687482dfdf252f80ef675f44ca1d1cd3a631261fb424136214fe629
  image: index.docker.io/filebrowser/filebrowser@sha256:f63369420687482dfdf252f80ef675f44ca1d1cd3a631261fb424136214fe629
- annotations:
    kbld.carvel.dev/id: ghcr.io/hotio/qbittorrent:release-4.6.4
    kbld.carvel.dev/origins: |
      - resolved:
          tag: release-4.6.4
          url: ghcr.io/hotio/qbittorrent:release-4.6.4
      - preresolved:
          url: ghcr.io/hotio/qbittorrent@sha256:39829b3e092a91fb15f6696d5a8b762a2da6436ff59e529e13305e6bfb52f829
  image: ghcr.io/hotio/qbittorrent@sha256:39829b3e092a91fb15f6696d5a8b762a2da6436ff59e529e13305e6bfb52f829
- annotations:
    kbld.carvel.dev/id: ghcr.io/linuxserver/wireguard:v1.0.20210914-ls31
    kbld.carvel.dev/origins: |
      - resolved:
          tag: v1.0.20210914-ls31
          url: ghcr.io/linuxserver/wireguard:v1.0.20210914-ls31
      - preresolved:
          url: ghcr.io/linuxserver/wireguard@sha256:c417568c79a051a8a73ffc2ad28ef58f58ba76bdb4c420389819c001aa55a03e
  image: ghcr.io/linuxserver/wireguard@sha256:c417568c79a051a8a73ffc2ad28ef58f58ba76bdb4c420389819c001aa55a03e
- annotations:
    kbld.carvel.dev/id: jellyfin/jellyfin:10.11.0
    kbld.carvel.dev/origins: |
      - resolved:
          tag: 10.11.0
          url: jellyfin/jellyfin:10.11.0
  image: index.docker.io/jellyfin/jellyfin@sha256:59417f441213e236a9f907d4e71a13472042409d85f9e9310dbdd87ee33d7bd4
kind: ImagesLock
