apiVersion: vendir.k14s.io/v1alpha1
directories:
- contents:
  - configDigest: deb0db1bd40e6c4fa0bcaee715bc818bb7d967f3aaa3177ea5ab04cf7abc52cd
    helmChart:
      appVersion: v3.4.4
      version: 9.6.0
    path: .
  path: .myks/vendir-cache/helm-argo-cd-9.6.0-5c4258fc70deb49d/data
kind: LockConfig
