apiVersion: vendir.k14s.io/v1alpha1
directories:
- contents:
  - configDigest: f467108c2b02c9efc4d4de015bbd43a20aa34449afbecc8d149552daf66a2004
    helmChart:
      appVersion: 17.1.0
      version: 16.2.1
    path: .
  path: .myks/vendir-cache/helm-postgresql-16.2.1-c2683094b036f241/data
kind: LockConfig
