apiVersion: vendir.k14s.io/v1alpha1
directories:
- contents:
  - configDigest: 71a13cc500280a646b5b7af7475cc616845507463dcd1d267aa08142863c3c24
    helmChart:
      appVersion: v3.5.2
      version: 10.8.1
    path: .
  path: .myks/vendir-cache/helm-argo-cd-10.8.1-cba49fa080a72244/data
kind: LockConfig
