apiVersion: vendir.k14s.io/v1alpha1
directories:
- contents:
  - configDigest: a3f5e7c7120ca515a867344f9e7cbea26a364295fe6754e9e3b39bde3dccb40a
    helmChart:
      appVersion: 18.4.0
      version: 18.7.2
    path: .
  path: .myks/vendir-cache/helm-postgresql-18.7.2-c3ee56ecdf90c636/data
kind: LockConfig
