apiVersion: vendir.k14s.io/v1alpha1
directories:
- contents:
  - configDigest: 11e20ede2bb071a3c7d06b44fe36d1bdf43490c43946eef0e3ed42ea7baf118c
    helmChart:
      appVersion: 7.2.5
      version: 19.3.4
    path: .
  path: .myks/vendir-cache/helm-redis-19.3.4-db7c8335f82837ff/data
kind: LockConfig
