apiVersion: vendir.k14s.io/v1alpha1
directories:
- contents:
  - configDigest: 0e7850afa808ecd39afba04e2648eff2093609bf9b8a67f86638ecb09004f82f
    git:
      commitTitle: Bump version to 2.11.6 (#19142)...
      sha: 089247df0f15e64813d00a2d1271a2095feecad4
      tags:
      - v2.11.6
    path: .
  path: .myks/vendir-cache/git-argo-cd-v2.11.6-a0298206f8a83437/data
kind: LockConfig
