apiVersion: vendir.k14s.io/v1alpha1
directories:
- contents:
  - configDigest: a2c7f0ba88f0e1d3e6cd4a5f2644662c07b88cd1808e83df233afca03ac925dd
    helmChart:
      appVersion: v3.5.1
      version: 10.3.3
    path: .
  path: .myks/vendir-cache/helm-argo-cd-10.3.3-7205f9439d3e3beb/data
kind: LockConfig
