apiVersion: vendir.k14s.io/v1alpha1
directories:
- contents:
  - configDigest: c347ae1e2e009823a6fe84cd1e3afabd0930f7b7d3ba9e11d5094d8c5b0d2312
    helmChart:
      appVersion: 8.4.0
      version: 24.0.7
    path: .
  path: .myks/vendir-cache/helm-redis-24.0.7-b2b4a30e9c821a4b/data
kind: LockConfig
