apiVersion: vendir.k14s.io/v1alpha1
directories:
- contents:
  - configDigest: 3d3f8ba599a4bc1d3f534b6823022b3d3329e4a8efb616ef7048ac40974c6b2b
    helmChart:
      appVersion: v1.19.1
      version: v1.19.1
    path: .
  path: .myks/vendir-cache/helm-cert-manager-v1.19.1-895b5ea1ba8521ee/data
kind: LockConfig
