apiVersion: vendir.k14s.io/v1alpha1
directories:
- contents:
  - configDigest: 6ed94e68373efa572ee69fb873c9d64e3d8a0529171afdbc966778c25c5b7c5b
    helmChart:
      appVersion: 18.1.0
      version: 18.2.0
    path: .
  path: .myks/vendir-cache/helm-postgresql-18.2.0-476f542dcb74effe/data
kind: LockConfig
