apiVersion: vendir.k14s.io/v1alpha1
directories:
- contents:
  - configDigest: 4b71bfc6c2c00ccc6f20ed2ce376e5b2aa2313f41d9efa327915fe70679a4563
    helmChart:
      appVersion: 7.4.1
      version: 20.6.0
    path: .
  path: .myks/vendir-cache/helm-redis-20.6.0-4ad29e25ec4a9022/data
kind: LockConfig
