apiVersion: vendir.k14s.io/v1alpha1
directories:
- contents:
  - configDigest: 24a1f1f73be3e501ba0d04e2e4b6c3794bfde03a18ad813a78172b800b742f28
    helmChart:
      appVersion: 7.4.2
      version: 20.12.1
    path: .
  path: .myks/vendir-cache/helm-redis-20.12.1-a764ea1aff7d28fa/data
kind: LockConfig
