apiVersion: vendir.k14s.io/v1alpha1
directories:
- contents:
  - configDigest: 7c4bb5cb7b99a27a4dde3bac6267c8c7897e9fadc04526e4fd0a5b3f1f046d8f
    git:
      commitTitle: Bump version to 2.11.5 (#19061)...
      sha: c4b283ce0c092aeda00c78ae7b3b2d3b28e7feec
      tags:
      - v2.11.5
    path: .
  path: .myks/vendir-cache/git-argo-cd-v2.11.5-447c48a48308bd84/data
kind: LockConfig
