apiVersion: vendir.k14s.io/v1alpha1
directories:
- contents:
  - configDigest: 703cc041e7b1105a6364a8023bb2df2172cf3e8eba39d6a6763fd41fc489dce5
    helmChart:
      appVersion: 17.2.0
      version: 16.4.4
    path: .
  path: .myks/vendir-cache/helm-postgresql-16.4.4-15ff708579b7a3fa/data
kind: LockConfig
