apiVersion: vendir.k14s.io/v1alpha1
directories:
- contents:
  - configDigest: 0f2db7782ccec2878bcf9f9f0de7dd3f37425b7e5d59366a8e4bca839e975fd7
    git:
      commitTitle: Prepare release v3.7.9
      sha: d0bd2ec198533d760c1abfc74b98033d6d92d039
      tags:
      - v3.7.9
    path: .
  path: .myks/vendir-cache/git-traefik-v3.7.9-78cae3bd09ebf3d4/data
kind: LockConfig
