apiVersion: vendir.k14s.io/v1alpha1
directories:
- contents:
  - configDigest: 1a32dc73f50c131d7400c7a8ee47148c9afd6e6d9767af0d5fdfcf6dc29adce7
    helmChart:
      appVersion: v3.3.7
      version: 9.5.2
    path: .
  path: .myks/vendir-cache/helm-argo-cd-9.5.2-13dc363f45612056/data
kind: LockConfig
