apiVersion: vendir.k14s.io/v1alpha1
directories:
- contents:
  - configDigest: 11d5f4fccab3ec4a37f15e89f6372ccf974403f1ec5574a718449e95a967eb55
    helmChart:
      appVersion: 17.4.0
      version: 16.6.2
    path: .
  path: .myks/vendir-cache/helm-postgresql-16.6.2-13377073cdd64ba6/data
kind: LockConfig
