apiVersion: vendir.k14s.io/v1alpha1
directories:
- contents:
  - configDigest: 07ad54357516eb9ed1ca78aa869f94b785dcc65cf3d6bcf3105b642c9750dc7d
    helmChart:
      appVersion: 7.2.5
      version: 19.5.2
    path: .
  path: .myks/vendir-cache/helm-redis-19.5.2-6981a30541445427/data
kind: LockConfig
