apiVersion: vendir.k14s.io/v1alpha1
directories:
- contents:
  - configDigest: 8ad85d9316edc313bad1320431787aaf5a6574d6d2c3ccd014d6b3dd9f3226a9
    helmChart:
      appVersion: 8.4.1
      version: 24.1.6
    path: .
  path: .myks/vendir-cache/helm-redis-24.1.6-ea0b96aff548e582/data
kind: LockConfig
