apiVersion: vendir.k14s.io/v1alpha1
directories:
- contents:
  - configDigest: 8b90931cedfc619d4e54f4b354b7699e514aac2b0b51a988475abf45c1b2a78b
    helmChart:
      appVersion: v3.2.3
      version: 9.2.4
    path: .
  path: .myks/vendir-cache/helm-argo-cd-9.2.4-4ecc3253dc378950/data
kind: LockConfig
