apiVersion: vendir.k14s.io/v1alpha1
directories:
- contents:
  - configDigest: 8731c732729f8a304a9b646a1b26d0819cebc1afd23e7619515ad6cbc9aaa844
    git:
      commitTitle: Bump version to 1.3.0
      sha: 4d3655e8fbc0c233de6e9f4bd48ac74bfd0ca081
      tags:
      - v1.3.0
    path: .
  path: .myks/vendir-cache/git-synology-csi-v1.3.0-d20f9e6d64a61d8c/data
kind: LockConfig
