apiVersion: vendir.k14s.io/v1alpha1
directories:
- contents:
  - configDigest: 0ce1a616be2efca3c5512d54ce3229e819d82abbcb6c6a18b24ce0f109f46e3e
    helmChart:
      appVersion: v0.88.0
      version: 26.0.0
    path: .
  path: .myks/vendir-cache/helm-prometheus-operator-crds-26.0.0-ef7dbf176b350e77/data
kind: LockConfig
