apiVersion: vendir.k14s.io/v1alpha1
directories:
- contents:
  - configDigest: eb5d1d6640efa75446c2571f99d4c8b96c218eb7c5dc969b98d902b453306e3a
    helmChart:
      appVersion: v3.5.0
      version: 37.0.0
    path: .
  path: .myks/vendir-cache/helm-traefik-37.0.0-f1ca61651638ea95/data
kind: LockConfig
