apiVersion: vendir.k14s.io/v1alpha1
directories:
- contents:
  - configDigest: 31ba5bf1756c0c8345a3cd58e0cde0c0ad6eebeaa6c483904901e5114dfd7cf7
    helmChart:
      appVersion: 12.3.0
      version: 10.4.0
    path: .
  path: .myks/vendir-cache/helm-grafana-10.4.0-60fb054f7115fd15/data
kind: LockConfig
