apiVersion: vendir.k14s.io/v1alpha1
directories:
- contents:
  - configDigest: 6d8dcb84f4d25e2a60dfc1f9be59452edfe1a917119ab0cdf552a1c8e3e47f63
    helmChart:
      appVersion: 17.4.0
      version: 16.6.3
    path: .
  path: .myks/vendir-cache/helm-postgresql-16.6.3-1333ac73cdd2c8c3/data
kind: LockConfig
