apiVersion: vendir.k14s.io/v1alpha1
directories:
- contents:
  - configDigest: 5efac90aba926ca856e92f7e400eb5c8544b3eac1ce94baa8853aa6bb16745bf
    helmChart:
      appVersion: v1.144.0
      version: 0.81.0
    path: .
  path: .myks/vendir-cache/helm-victoria-metrics-k8s-stack-0.81.0-d5e466dbaf78d99b/data
kind: LockConfig
