apiVersion: vendir.k14s.io/v1alpha1
directories:
- contents:
  - configDigest: 29b1e7d0618dee809fb6a3a189bb7cb80cc6ea1aaca84aeb5b9ab77d4bdfa015
    helmChart:
      appVersion: v3.2.6
      version: 9.3.6
    path: .
  path: .myks/vendir-cache/helm-argo-cd-9.3.6-dbfa09f483df99f0/data
kind: LockConfig
