apiVersion: vendir.k14s.io/v1alpha1
directories:
- contents:
  - configDigest: 20324cfd2a717ed9af87e7d0a7a601a826ecf0d49c874f3f19afe7b8a4cf0572
    helmChart:
      appVersion: v1.136.0
      version: 0.71.1
    path: .
  path: .myks/vendir-cache/helm-victoria-metrics-k8s-stack-0.71.1-7fbdd0e80e2f5063/data
kind: LockConfig
