apiVersion: vendir.k14s.io/v1alpha1
directories:
- contents:
  - configDigest: dea21714cc67a76ad04edca8dd54fc7ed0358972f118c58ed13c23dbeab6a556
    git:
      commitTitle: 'feat: ship a Grafana dashboard for the box metrics...'
      sha: b2514cc76c579bbf955454ff1b189f78456522af
      tags:
      - v0.6.0-4-gb2514cc
    path: .
  path: .myks/vendir-cache/git-kasha-b2514cc76c579bbf955454ff1b189f78456522af-eb9b8c1088475d0c/data
kind: LockConfig
