apiVersion: vendir.k14s.io/v1alpha1
directories:
- contents:
  - configDigest: 182db9cae68bf8cf54688d650d3e6de74fb867fe76408e8f8f59188903ecaf4e
    helmChart:
      appVersion: 16.3.0
      version: 15.5.15
    path: .
  path: .myks/vendir-cache/helm-postgresql-15.5.15-5afb06103e4e8f24/data
kind: LockConfig
