apiVersion: vendir.k14s.io/v1alpha1
directories:
- contents:
  - configDigest: a89fdfbb2715da933fb879c3a2989518a3e9ea17fb6ff1e8131039a6dee8cbc9
    helmChart:
      appVersion: 8.4.0
      version: 24.1.0
    path: .
  path: .myks/vendir-cache/helm-redis-24.1.0-3635f5065aa231e5/data
kind: LockConfig
