apiVersion: vendir.k14s.io/v1alpha1
directories:
- contents:
  - configDigest: 451b105e7a47991aa1c5607c95b69ddd86ff567d1b8f05143d71635488168f33
    helmChart:
      appVersion: 7.4.0
      version: 20.1.4
    path: .
  path: .myks/vendir-cache/helm-redis-20.1.4-5f28bea7e1e279d/data
kind: LockConfig
