apiVersion: vendir.k14s.io/v1alpha1
directories:
- contents:
  - configDigest: c775bf404c820351167a2981efa26fc98039d94422ea75ea564f475b27b14d64
    helmChart:
      appVersion: v3.4.2
      version: 9.5.15
    path: .
  path: .myks/vendir-cache/helm-argo-cd-9.5.15-c590f5bf311a0c10/data
kind: LockConfig
