apiVersion: vendir.k14s.io/v1alpha1
directories:
- contents:
  - configDigest: 288709de013fc4089fc839e2f1e791b06c7b8fd8bf01e0c91e3f4198813e61c8
    helmChart:
      appVersion: 16.3.0
      version: 15.5.5
    path: .
  path: .myks/vendir-cache/helm-postgresql-15.5.5-4fea2ea4d1b1d9f5/data
kind: LockConfig
