apiVersion: vendir.k14s.io/v1alpha1
directories:
- contents:
  - configDigest: 7562e6a5bd94ff0405ca2333007bdb8a2cd2c7d404ebb03e916abed143b4647e
    git:
      commitTitle: Bump version to 2.13.3 (#21359)...
      sha: a25c8a0eef7830be0c2c9074c92dbea8ff23a962
      tags:
      - v2.13.3
    path: .
  path: .myks/vendir-cache/git-argo-cd-origin-v2.13.3-413e0e6ca9a3be9d/data
kind: LockConfig
