apiVersion: vendir.k14s.io/v1alpha1
directories:
- contents:
  - configDigest: e8a5624c74d9d4debee6270ed2b795f4fd894d7d9f89c656bf2b11dadb65a9a5
    helmChart:
      appVersion: 7.4.2
      version: 20.12.2
    path: .
  path: .myks/vendir-cache/helm-redis-20.12.2-a7682a1aff7fcb91/data
kind: LockConfig
