apiVersion: vendir.k14s.io/v1alpha1
directories:
- contents:
  - configDigest: 03bfe5c2fd407b97f0f8bcd14896feadd1963c80ff5850ede0dfbe14bd0ff05c
    helmChart:
      appVersion: v3.5.3
      version: 10.9.5
    path: .
  path: .myks/vendir-cache/helm-argo-cd-10.9.5-36e75ce6e1b29957/data
kind: LockConfig
