apiVersion: vendir.k14s.io/v1alpha1
directories:
- contents:
  - configDigest: 1ab05f1dc190242986a107e922b1cd982ca4fa8a68f33233d198ced6ade34f0e
    helmChart:
      appVersion: 18.4.0
      version: 18.7.0
    path: .
  path: .myks/vendir-cache/helm-postgresql-18.7.0-48e0ce633264f604/data
kind: LockConfig
