---
apiVersion: imgpkg.carvel.dev/v1alpha1
images:
- annotations:
    kbld.carvel.dev/id: mccutchen/go-httpbin:2.18.3
    kbld.carvel.dev/origins: |
      - resolved:
          tag: 2.18.3
          url: oci.zebradil.dev/hub.docker.com-cache/mccutchen/go-httpbin:2.18.3
  image: oci.zebradil.dev/hub.docker.com-cache/mccutchen/go-httpbin@sha256:3992f3763e9ce5a4307eae0a869a78b4df3931dc8feba74ab823dd2444af6a6b
kind: ImagesLock
