apiVersion: vendir.k14s.io/v1alpha1
directories:
- contents:
  - configDigest: 40f9d29c8929d670c3ca92a482e44113a60a58b85450ba4e3c5bf04c2a2d7be4
    helmChart:
      appVersion: 7.2.4
      version: 19.3.0
    path: .
  path: .myks/vendir-cache/helm-redis-19.3.0-db8ac335f834e21b/data
kind: LockConfig
