apiVersion: vendir.k14s.io/v1alpha1
directories:
- contents:
  - configDigest: 4378daa3f56e44d5783f38261b5ea5abdde3fbad47e5d761c8968ec336c88e45
    helmChart:
      appVersion: 16.3.0
      version: 15.5.14
    path: .
  path: .myks/vendir-cache/helm-postgresql-15.5.14-5af70a103e4aad19/data
kind: LockConfig
