apiVersion: vendir.k14s.io/v1alpha1
directories:
- contents:
  - configDigest: 13ff3aaa0978a05d9ebfee56b2f20778ee4d57b392ec764a62aeb805da7aabc7
    helmChart:
      appVersion: 18.1.0
      version: 18.2.4
    path: .
  path: .myks/vendir-cache/helm-postgresql-18.2.4-ca2fc52031f28827/data
kind: LockConfig
