apiVersion: vendir.k14s.io/v1alpha1
directories:
- contents:
  - configDigest: 557bb0672f6cef03664fc16cf8f45e66eca44ff8b4df80af6d875bcd3d263dc7
    helmChart:
      appVersion: v3.1.4
      version: 32.0.0
    path: .
  path: .myks/vendir-cache/helm-traefik-32.0.0-6243361f3db04364/data
kind: LockConfig
