apiVersion: vendir.k14s.io/v1alpha1
directories:
- contents:
  - configDigest: f0775a9de8f3f9780404308c5875fbe2841a9e84abf2c45f61a1571fe33fe477
    helmChart:
      appVersion: v3.2.3
      version: 9.2.1
    path: .
  path: .myks/vendir-cache/helm-argo-cd-9.2.1-4ebb3653dc291ce9/data
kind: LockConfig
