apiVersion: vendir.k14s.io/v1alpha1
directories:
- contents:
  - configDigest: 08b162bf2b4af742da6f0a208a30a584e1e2603041cfd953b957035b980753f0
    helmChart:
      appVersion: v3.5.1
      version: 37.1.0
    path: .
  path: .myks/vendir-cache/helm-traefik-37.1.0-9a574f6e938702e4/data
kind: LockConfig
