apiVersion: vendir.k14s.io/v1alpha1
directories:
- contents:
  - configDigest: dbbe77ae2987e44007ef6dba1a7a024897146429379f5cf818daafa3898d9642
    git:
      commitTitle: Bump version to 2.13.0 (#20652)...
      sha: 347f221adba5599ef4d5f12ee572b2c17d01db4d
      tags:
      - stable
    path: .
  path: .myks/vendir-cache/git-argo-cd-origin-v2.13.0-9101c24b7d011e86/data
kind: LockConfig
