apiVersion: vendir.k14s.io/v1alpha1
directories:
- contents:
  - configDigest: df554163d2a8b15539ee13f9b2d8fefccd54a0542e54813dc4ada6ea66b74c69
    helmChart:
      appVersion: 17.0.0
      version: 16.1.2
    path: .
  path: .myks/vendir-cache/helm-postgresql-16.1.2-32bd5e9d7c91ab0d/data
kind: LockConfig
