apiVersion: vendir.k14s.io/v1alpha1
directories:
- contents:
  - configDigest: c407ee782b1f7c5e5784890bd9690046b5efff0b53372ba5490c5ec3c549b173
    helmChart:
      appVersion: 18.4.0
      version: 18.7.5
    path: .
  path: .myks/vendir-cache/helm-postgresql-18.7.5-56cdbd73f4943be7/data
kind: LockConfig
