apiVersion: vendir.k14s.io/v1alpha1
directories:
- contents:
  - configDigest: 98ae011bf578607c3644937b79cff9a9f942a3dac0a81740334a52139819e97f
    git:
      commitTitle: Bump version to 2.11.0 (#18112)...
      sha: d3f33c00197e7f1d16f2a73ce1aeced464b07175
      tags:
      - stable
    path: .
  path: .myks/vendir-cache/git-argo-cd-v2.11.0-f78cf30e04b38bc5/data
kind: LockConfig
