dependencies:
- name: alloy
  repository: https://grafana.github.io/helm-charts
  version: 0.2.0
- name: alloy
  repository: https://grafana.github.io/helm-charts
  version: 0.2.0
- name: alloy
  repository: https://grafana.github.io/helm-charts
  version: 0.2.0
- name: alloy
  repository: https://grafana.github.io/helm-charts
  version: 0.2.0
- name: kube-state-metrics
  repository: https://prometheus-community.github.io/helm-charts
  version: 5.19.0
- name: prometheus-node-exporter
  repository: https://prometheus-community.github.io/helm-charts
  version: 4.32.0
- name: prometheus-operator-crds
  repository: https://prometheus-community.github.io/helm-charts
  version: 11.0.0
- name: prometheus-windows-exporter
  repository: https://prometheus-community.github.io/helm-charts
  version: 0.3.1
- name: opencost
  repository: https://opencost.github.io/opencost-helm-chart
  version: 1.37.0
digest: sha256:900313cb26c84a1110b015ead22bd6c2507933d07df60afa86b8119ac051defb
generated: "2024-05-12T00:09:15.673821084Z"
