apiVersion: vendir.k14s.io/v1alpha1
directories:
- contents:
  - configDigest: 882b728da27aab5bc0d6cbe980aa9a76185d121d03540667c979bddafb5cb9dc
    helmChart:
      appVersion: 8.0.3
      version: 21.2.13
    path: .
  path: .myks/vendir-cache/helm-redis-21.2.13-6bb4e12feb9be043/data
kind: LockConfig
