apiVersion: vendir.k14s.io/v1alpha1
directories:
- contents:
  - configDigest: 33f05241bea5525a1b3cd53f36851006f3336bf98a9ef56a15b61519b9c6465e
    helmChart:
      appVersion: 16.4.0
      version: 15.5.23
    path: .
  path: .myks/vendir-cache/helm-postgresql-15.5.23-51e4dd10390a49ef/data
kind: LockConfig
