apiVersion: vendir.k14s.io/v1alpha1
directories:
- contents:
  - configDigest: cf22a3cf1ebae164041b70121dd6a2f83fc133958bef574b3065b0d16ac87347
    helmChart:
      appVersion: 8.6.2
      version: 25.4.0
    path: .
  path: .myks/vendir-cache/helm-redis-25.4.0-36a791e570b2d754/data
kind: LockConfig
