---
apiVersion: imgpkg.carvel.dev/v1alpha1
images:
- annotations:
    kbld.carvel.dev/id: mikefarah/yq:4.48.1
    kbld.carvel.dev/origins: |
      - resolved:
          tag: 4.48.1
          url: oci.zebradil.dev/hub.docker.com-cache/mikefarah/yq:4.48.1
  image: oci.zebradil.dev/hub.docker.com-cache/mikefarah/yq@sha256:75b3a60dce1fa4641b0f02bdb4465eddc5da95e62028118a292239ca8e3921e5
- annotations:
    kbld.carvel.dev/id: registry.k8s.io/pause:3.10.1
    kbld.carvel.dev/origins: |
      - resolved:
          tag: 3.10.1
          url: registry.k8s.io/pause:3.10.1
      - preresolved:
          url: registry.k8s.io/pause@sha256:278fb9dbcca9518083ad1e11276933a2e96f23de604a3a08cc3c80002767d24c
  image: registry.k8s.io/pause@sha256:278fb9dbcca9518083ad1e11276933a2e96f23de604a3a08cc3c80002767d24c
kind: ImagesLock
