apiVersion: vendir.k14s.io/v1alpha1
directories:
- contents:
  - configDigest: add681acd23a79fe3e12475d768c646bce96a9b85436ac4e1b9b06549f66725f
    helmChart:
      appVersion: 16.3.0
      version: 15.5.6
    path: .
  path: .myks/vendir-cache/helm-postgresql-15.5.6-4fe72ea4d1afa41e/data
kind: LockConfig
