apiVersion: vendir.k14s.io/v1alpha1
directories:
- contents:
  - configDigest: 54d6672a2f3c8bee4867afcb733b9eeb6631a50b7a996c4138b4896e29a751ee
    helmChart:
      appVersion: v1.20.3
      version: v1.20.3
    path: .
  path: .myks/vendir-cache/helm-cert-manager-v1.20.3-8e11ca066886a473/data
kind: LockConfig
