---
apiVersion: imgpkg.carvel.dev/v1alpha1
images:
- annotations:
    kbld.carvel.dev/id: goharbor/harbor-core:v2.13.2
    kbld.carvel.dev/origins: |
      - resolved:
          tag: v2.13.2
          url: oci.zebradil.dev/hub.docker.com-cache/goharbor/harbor-core:v2.13.2
  image: oci.zebradil.dev/hub.docker.com-cache/goharbor/harbor-core@sha256:89114e3fb5c95aefa3285d5d627f89c46c3eaa2f4da138cedee887e58d297f2a
- annotations:
    kbld.carvel.dev/id: goharbor/harbor-db:v2.13.2
    kbld.carvel.dev/origins: |
      - resolved:
          tag: v2.13.2
          url: oci.zebradil.dev/hub.docker.com-cache/goharbor/harbor-db:v2.13.2
  image: oci.zebradil.dev/hub.docker.com-cache/goharbor/harbor-db@sha256:fcf1f3dbc8f10183abe336712560a94fb2804ba8d3ce3ca634342e5a8df7da2c
- annotations:
    kbld.carvel.dev/id: goharbor/harbor-exporter:v2.13.2
    kbld.carvel.dev/origins: |
      - resolved:
          tag: v2.13.2
          url: oci.zebradil.dev/hub.docker.com-cache/goharbor/harbor-exporter:v2.13.2
  image: oci.zebradil.dev/hub.docker.com-cache/goharbor/harbor-exporter@sha256:17db16a26911348d743476877de703683d8313e87adcbe37cfea86e064337eec
- annotations:
    kbld.carvel.dev/id: goharbor/harbor-jobservice:v2.13.2
    kbld.carvel.dev/origins: |
      - resolved:
          tag: v2.13.2
          url: oci.zebradil.dev/hub.docker.com-cache/goharbor/harbor-jobservice:v2.13.2
  image: oci.zebradil.dev/hub.docker.com-cache/goharbor/harbor-jobservice@sha256:12fe1d4271dfa60fdcd90396efcf39afe05f2316e5b3de50413bde06560cc550
- annotations:
    kbld.carvel.dev/id: goharbor/harbor-portal:v2.13.2
    kbld.carvel.dev/origins: |
      - resolved:
          tag: v2.13.2
          url: oci.zebradil.dev/hub.docker.com-cache/goharbor/harbor-portal:v2.13.2
  image: oci.zebradil.dev/hub.docker.com-cache/goharbor/harbor-portal@sha256:ac9c2444e1045ac6fc23ae3adbfb43443cdb31dc937be354410b6328a9768bb8
- annotations:
    kbld.carvel.dev/id: goharbor/harbor-registryctl:v2.13.2
    kbld.carvel.dev/origins: |
      - resolved:
          tag: v2.13.2
          url: oci.zebradil.dev/hub.docker.com-cache/goharbor/harbor-registryctl:v2.13.2
  image: oci.zebradil.dev/hub.docker.com-cache/goharbor/harbor-registryctl@sha256:3d82ef5215c55953540aa08b460785f9d0457a10276365ab9f7750027609295b
- annotations:
    kbld.carvel.dev/id: goharbor/redis-photon:v2.13.2
    kbld.carvel.dev/origins: |
      - resolved:
          tag: v2.13.2
          url: oci.zebradil.dev/hub.docker.com-cache/goharbor/redis-photon:v2.13.2
  image: oci.zebradil.dev/hub.docker.com-cache/goharbor/redis-photon@sha256:7b3e7ea34477cb1df592594fb0d0ea9168945fa9f72aab9586ec357cbe935ae0
- annotations:
    kbld.carvel.dev/id: goharbor/registry-photon:v2.13.2
    kbld.carvel.dev/origins: |
      - resolved:
          tag: v2.13.2
          url: oci.zebradil.dev/hub.docker.com-cache/goharbor/registry-photon:v2.13.2
  image: oci.zebradil.dev/hub.docker.com-cache/goharbor/registry-photon@sha256:1fc840dda17e4bb99cb58edc2a4c2435b9413f770b9146ac716a4593061bc136
- annotations:
    kbld.carvel.dev/id: goharbor/trivy-adapter-photon:v2.13.2
    kbld.carvel.dev/origins: |
      - resolved:
          tag: v2.13.2
          url: oci.zebradil.dev/hub.docker.com-cache/goharbor/trivy-adapter-photon:v2.13.2
  image: oci.zebradil.dev/hub.docker.com-cache/goharbor/trivy-adapter-photon@sha256:7a6d2284992ee5739ef0a76a9bed722bd87ec9e9ad286c6d72aa7919a606e106
kind: ImagesLock
