apiVersion: vendir.k14s.io/v1alpha1
directories:
- contents:
  - configDigest: f5c4e2d3d7476432d1a84cb779e210142ee9f12a9833d3491ea7ffc6930ded70
    git:
      commitTitle: Bump version to 2.12.1 (#19568)...
      sha: 26b2039a55b9bdf807a70d344af8ade5171d3d39
      tags:
      - stable
    path: .
  path: .myks/vendir-cache/git-argo-cd-v2.12.1-af11cc638629b21f/data
kind: LockConfig
