apiVersion: vendir.k14s.io/v1alpha1
directories:
- contents:
  - configDigest: b4a2e0f30bb2fe0e2a33752bbdc1c8e0b33eb9b660ab289589f7b8b7978882d9
    helmChart:
      appVersion: 16.3.0
      version: 15.5.17
    path: .
  path: .myks/vendir-cache/helm-postgresql-15.5.17-5af44a103e48e402/data
kind: LockConfig
