apiVersion: vendir.k14s.io/v1alpha1
directories:
- contents:
  - configDigest: 7d889289a8e638632fa88adf694c304a90949dc7a45e02c6fcc306a362265954
    helmChart:
      appVersion: 16.4.0
      version: 15.5.27
    path: .
  path: .myks/vendir-cache/helm-postgresql-15.5.27-51f1dd103914d44b/data
kind: LockConfig
