apiVersion: vendir.k14s.io/v1alpha1
directories:
- contents:
  - configDigest: c56c74c7e9650f6809ddcb3c121654b56463671f165bdc57b54a18886d881fc9
    helmChart:
      appVersion: v3.3.0
      version: 9.4.0
    path: .
  path: .myks/vendir-cache/helm-argo-cd-9.4.0-2622b894231a5507/data
kind: LockConfig
