apiVersion: vendir.k14s.io/v1alpha1
directories:
- contents:
  - configDigest: c19d2d12b422f774295577e6bd2e31fe8cbc5030bcc9c06827dd9ee682293b7d
    helmChart:
      appVersion: 8.10.2
      version: 28.2.3
    path: .
  path: .myks/vendir-cache/helm-redis-28.2.3-974026a9a239f024/data
kind: LockConfig
