apiVersion: vendir.k14s.io/v1alpha1
directories:
- contents:
  - configDigest: 2d374713f6a82b75ab8397cf31d9f2bb21ce3836ef10587bbe8eaf5bff1245fb
    helmChart:
      appVersion: 17.0.0
      version: 16.0.4
    path: .
  path: .myks/vendir-cache/helm-postgresql-16.0.4-db5110a6f9e57c16/data
kind: LockConfig
