apiVersion: vendir.k14s.io/v1alpha1
directories:
- contents:
  - configDigest: 55e4c10f3413c5eaa7c659f10ae1d8177f67f3993cfef67799018ec9201650d4
    helmChart:
      appVersion: v3.2.1
      version: 33.1.0
    path: .
  path: .myks/vendir-cache/helm-traefik-33.1.0-4f9986f6bf2a128/data
kind: LockConfig
