apiVersion: vendir.k14s.io/v1alpha1
directories:
- contents:
  - configDigest: ab1a3a318c086d37d15e7a4ed13ca6a6cd56e98ae654f32137381edc4e0b4460
    helmChart:
      appVersion: 2.13.2
      version: 1.17.2
    path: .
  path: .myks/vendir-cache/helm-harbor-1.17.2-9b78fc1895e868ff/data
kind: LockConfig
