apiVersion: vendir.k14s.io/v1alpha1
directories:
- contents:
  - configDigest: 2c75991ae585caac3f7f124a70de8bae5f9448b022cea392653ee7df19e6e8e2
    helmChart:
      appVersion: 7.4.1
      version: 20.3.0
    path: .
  path: .myks/vendir-cache/helm-redis-20.3.0-8b387fc29f95a77/data
kind: LockConfig
