apiVersion: vendir.k14s.io/v1alpha1
directories:
- contents:
  - configDigest: 47181767d8a737a5e9f171105d7a9bb3df954f22a148882e3ea26ca9515a9e2d
    helmChart:
      appVersion: 17.2.0
      version: 16.3.5
    path: .
  path: .myks/vendir-cache/helm-postgresql-16.3.5-45e67a8c6e54c66c/data
kind: LockConfig
