apiVersion: vendir.k14s.io/v1alpha1
directories:
- contents:
  - configDigest: b0248df1719239e65c3253a0f18e463c383e3e696dc52f669c003bec7993e078
    helmChart:
      appVersion: 18.4.0
      version: 18.7.13
    path: .
  path: .myks/vendir-cache/helm-postgresql-18.7.13-65b8848c1a830894/data
kind: LockConfig
