---
apiVersion: imgpkg.carvel.dev/v1alpha1
images:
- annotations:
    kbld.carvel.dev/id: ghcr.io/paperless-ngx/paperless-ngx:2.18.4
    kbld.carvel.dev/origins: |
      - resolved:
          tag: 2.18.4
          url: ghcr.io/paperless-ngx/paperless-ngx:2.18.4
      - preresolved:
          url: ghcr.io/paperless-ngx/paperless-ngx@sha256:3421ebe06ed27662d014046cf5089e612de853aae0c676a2bc72f73b38080e57
  image: ghcr.io/paperless-ngx/paperless-ngx@sha256:3421ebe06ed27662d014046cf5089e612de853aae0c676a2bc72f73b38080e57
- annotations:
    kbld.carvel.dev/id: linuxserver/openssh-server:9.3_p2-r1-ls143
    kbld.carvel.dev/origins: |
      - resolved:
          tag: 9.3_p2-r1-ls143
          url: linuxserver/openssh-server:9.3_p2-r1-ls143
      - preresolved:
          url: index.docker.io/linuxserver/openssh-server@sha256:d55ff78303834a03ef4bf21733fccce12365949ed1715bdbe7e42d1b66db620a
  image: index.docker.io/linuxserver/openssh-server@sha256:d55ff78303834a03ef4bf21733fccce12365949ed1715bdbe7e42d1b66db620a
- annotations:
    kbld.carvel.dev/id: oci.zebradil.dev/hub.docker.com-cache/bitnamilegacy/postgresql:14.18.0-debian-12-r0
    kbld.carvel.dev/origins: |
      - resolved:
          tag: 14.18.0-debian-12-r0
          url: oci.zebradil.dev/hub.docker.com-cache/bitnamilegacy/postgresql:14.18.0-debian-12-r0
      - preresolved:
          url: oci.zebradil.dev/hub.docker.com-cache/bitnamilegacy/postgresql@sha256:1487d8c274877c8b241c46edfc7d17abaa32a16ec7a4305b45dbf9104a6bb45f
  image: oci.zebradil.dev/hub.docker.com-cache/bitnamilegacy/postgresql@sha256:1487d8c274877c8b241c46edfc7d17abaa32a16ec7a4305b45dbf9104a6bb45f
- annotations:
    kbld.carvel.dev/id: oci.zebradil.dev/hub.docker.com-cache/bitnamilegacy/redis:8.2.1-debian-12-r0
    kbld.carvel.dev/origins: |
      - resolved:
          tag: 8.2.1-debian-12-r0
          url: oci.zebradil.dev/hub.docker.com-cache/bitnamilegacy/redis:8.2.1-debian-12-r0
      - preresolved:
          url: oci.zebradil.dev/hub.docker.com-cache/bitnamilegacy/redis@sha256:25bf63f3caf75af4628c0dfcf39859ad1ac8abe135be85e99699f9637b16dc28
  image: oci.zebradil.dev/hub.docker.com-cache/bitnamilegacy/redis@sha256:25bf63f3caf75af4628c0dfcf39859ad1ac8abe135be85e99699f9637b16dc28
kind: ImagesLock
