apiVersion: vendir.k14s.io/v1alpha1
directories:
- contents:
  - configDigest: 9cb41d0b9193ff25ce14a37cdb738c563aa8ec2c500366145034919fdfa6ff29
    helmChart:
      appVersion: 17.0.0
      version: 16.0.6
    path: .
  path: .myks/vendir-cache/helm-postgresql-16.0.6-db584ca6f9ec00b8/data
kind: LockConfig
