apiVersion: vendir.k14s.io/v1alpha1
directories:
- contents:
  - configDigest: 64b9794ceab53577be5f1e03f821bd282dff4473db53890cd11a7244537321b2
    helmChart:
      appVersion: 7.4.1
      version: 20.2.2
    path: .
  path: .myks/vendir-cache/helm-redis-20.2.2-9bab1a0509f0f100/data
kind: LockConfig
