apiVersion: vendir.k14s.io/v1alpha1
directories:
- contents:
  - configDigest: 551985f6e683f405e067f615f61d0ab978477b98b7c65fc5f6147a1ca6897e5d
    helmChart:
      appVersion: 18.4.0
      version: 18.6.7
    path: .
  path: .myks/vendir-cache/helm-postgresql-18.6.7-10e8f307b1436356/data
kind: LockConfig
