apiVersion: vendir.k14s.io/v1alpha1
directories:
- contents:
  - configDigest: b2842fa6a7f776aba40c6fb8d77d9f244f3f5bbd114edb8a6d21754c45d0e8ee
    helmChart:
      appVersion: v3.0.1
      version: 28.2.0
    path: .
  path: .myks/vendir-cache/helm-traefik-28.2.0-328073d05c1f64db/data
kind: LockConfig
