apiVersion: vendir.k14s.io/v1alpha1
directories:
- contents:
  - configDigest: 02ee47f2bd507e59416d7aa07ed8d6ea2ba9d7eeb2a82348141d6163e2eb3351
    git:
      commitTitle: Bump version to 2.11.7 (#19175)...
      sha: e4a0246c4d920bc1e5ee5f9048a99eca7e1d53cb
      tags:
      - v2.11.7
    path: .
  path: .myks/vendir-cache/git-argo-cd-v2.11.7-9e3171471f2208ea/data
kind: LockConfig
