---
apiVersion: imgpkg.carvel.dev/v1alpha1
images:
- annotations:
    kbld.carvel.dev/id: ghcr.io/authelia/authelia:4.39.6
    kbld.carvel.dev/origins: |
      - resolved:
          tag: 4.39.6
          url: ghcr.io/authelia/authelia:4.39.6
      - preresolved:
          url: ghcr.io/authelia/authelia@sha256:08776367d54d4482c54ac8ca75b18f7db3287b751106e19736780c5f6811374d
  image: ghcr.io/authelia/authelia@sha256:08776367d54d4482c54ac8ca75b18f7db3287b751106e19736780c5f6811374d
kind: ImagesLock
