apiVersion: vendir.k14s.io/v1alpha1
directories:
- contents:
  - configDigest: 3f0365d9ffb910df54202224babb259dbe9f110b6cb3ec3dd9fbb690ed98dcaa
    helmChart:
      appVersion: 18.3.0
      version: 18.5.24
    path: .
  path: .myks/vendir-cache/helm-postgresql-18.5.24-f23d0841c2a90eb4/data
kind: LockConfig
