apiVersion: vendir.k14s.io/v1alpha1
directories:
- contents:
  - configDigest: 5c360093b79dc0c6fd6c975ef3c3a81c1023eea721b998319abefe184dba11df
    helmChart:
      appVersion: v3.3.2
      version: 9.4.7
    path: .
  path: .myks/vendir-cache/helm-argo-cd-9.4.7-f8fa058c14b2b17e/data
kind: LockConfig
