apiVersion: vendir.k14s.io/v1alpha1
directories:
- contents:
  - configDigest: db79d65895c8dc0ee44a6acac73f36f92d666449420e2105c7c61ebe8013142a
    helmChart:
      appVersion: v3.1.6
      version: 32.1.1
    path: .
  path: .myks/vendir-cache/helm-traefik-32.1.1-b9b98415c064c6e0/data
kind: LockConfig
