apiVersion: vendir.k14s.io/v1alpha1
directories:
- contents:
  - configDigest: 9ba9fc5ac37faf2492d164c91501b394d56f19b5208e9a69781039b287ae5954
    helmChart:
      appVersion: 7.4.2
      version: 20.6.2
    path: .
  path: .myks/vendir-cache/helm-redis-20.6.2-4ad8da25ec4f61c4/data
kind: LockConfig
