apiVersion: vendir.k14s.io/v1alpha1
directories:
- contents:
  - configDigest: 37fb0edf61616631e2743491ffdc44ef84beb08555f338b185aff76b2fa057b1
    helmChart:
      appVersion: v3.3.4
      version: 9.4.15
    path: .
  path: .myks/vendir-cache/helm-argo-cd-9.4.15-45925a416b923a61/data
kind: LockConfig
