apiVersion: vendir.k14s.io/v1alpha1
directories:
- contents:
  - configDigest: a247a7fc9fadd6d73e493bece430f0c032e765f41be8cd1a6f8cdd720fa49138
    helmChart:
      appVersion: 17.4.0
      version: 16.6.6
    path: .
  path: .myks/vendir-cache/helm-postgresql-16.6.6-13297073cdca0e4a/data
kind: LockConfig
