apiVersion: vendir.k14s.io/v1alpha1
directories:
- contents:
  - configDigest: af34076df1a596cbd94ab91e094d75bd64cb08209b3e2a42b81122c9f1e2fc8d
    helmChart:
      appVersion: 17.3.0
      version: 16.4.9
    path: .
  path: .myks/vendir-cache/helm-postgresql-16.4.9-1624ac8579d7262b/data
kind: LockConfig
