apiVersion: vendir.k14s.io/v1alpha1
directories:
- contents:
  - configDigest: 4a3d0f4b6cd077bf5116516e6fa42cecc42830e17574222ff9587d8cdcea2083
    helmChart:
      appVersion: 7.2.5
      version: 19.5.0
    path: .
  path: .myks/vendir-cache/helm-redis-19.5.0-69886705414a0ce1/data
kind: LockConfig
