apiVersion: vendir.k14s.io/v1alpha1
directories:
- contents:
  - configDigest: 265c9fa38007605c839b6e72db40d8e88008b297a7ca16620c1e5254973f78fc
    helmChart:
      appVersion: v3.1.4
      version: 31.1.1
    path: .
  path: .myks/vendir-cache/helm-traefik-31.1.1-7ee8c79a88c22603/data
kind: LockConfig
