apiVersion: vendir.k14s.io/v1alpha1
directories:
- contents:
  - configDigest: 9dfa9bd45c314e16cedf4ac30cf7c05f12698ed0623e2dcfa5222a4a787d304a
    helmChart:
      appVersion: 16.4.0
      version: 15.5.24
    path: .
  path: .myks/vendir-cache/helm-postgresql-15.5.24-51fc1d10391d9590/data
kind: LockConfig
