apiVersion: vendir.k14s.io/v1alpha1
directories:
- contents:
  - configDigest: 26f957879128c0fd4823ff8025c00bd8e2b3c3780075aa21fa89ecb681229bc7
    helmChart:
      appVersion: 18.3.0
      version: 18.5.2
    path: .
  path: .myks/vendir-cache/helm-postgresql-18.5.2-9fd88c916d3b1634/data
kind: LockConfig
