apiVersion: vendir.k14s.io/v1alpha1
directories:
- contents:
  - configDigest: c736dd927b41a85430b14f130cbb4e71c52f7e3d574942c77349356b88a04321
    helmChart:
      appVersion: 8.2.2
      version: 23.2.1
    path: .
  path: .myks/vendir-cache/helm-redis-23.2.1-e2636ed106194e60/data
kind: LockConfig
