apiVersion: vendir.k14s.io/v1alpha1
directories:
- contents:
  - configDigest: d963737535ad14523ee2b79b4dee34e10453d5df458765403e48fd1cf8ea2f8e
    helmChart:
      appVersion: 16.3.0
      version: 15.3.5
    path: .
  path: .myks/vendir-cache/helm-postgresql-15.3.5-4cffea9325b327af/data
kind: LockConfig
