apiVersion: vendir.k14s.io/v1alpha1
directories:
- contents:
  - configDigest: 77c69aa20081949f71f27cb0581cc32de8ee48b6363f40503e45e5875fcf5d42
    helmChart:
      appVersion: v3.3.9
      version: 9.5.11
    path: .
  path: .myks/vendir-cache/helm-argo-cd-9.5.11-677341fb60d45d74/data
kind: LockConfig
