apiVersion: vendir.k14s.io/v1alpha1
directories:
- contents:
  - configDigest: 7fc72d94b307034f1dfd5ee7eadf8099f3073a82e173361be73db62e2c94f03f
    helmChart:
      appVersion: v3.4.2
      version: 9.5.14
    path: .
  path: .myks/vendir-cache/helm-argo-cd-9.5.14-41e77be38189871b/data
kind: LockConfig
