apiVersion: vendir.k14s.io/v1alpha1
directories:
- contents:
  - configDigest: f7093fef5254bf076674b1afe2a084ec690492b56b1fe187e54d5d7e7100dcdd
    helmChart:
      appVersion: 16.3.0
      version: 15.4.2
    path: .
  path: .myks/vendir-cache/helm-postgresql-15.4.2-a74c389b545540db/data
kind: LockConfig
