apiVersion: vendir.k14s.io/v1alpha1
directories:
- contents:
  - configDigest: 2ea1675affa0c1ee31c6d5ccafb03c9628522eff51a4106940a0facd78d729d5
    helmChart:
      appVersion: 18.4.0
      version: 18.8.6
    path: .
  path: .myks/vendir-cache/helm-postgresql-18.8.6-daf371ff72da30ff/data
kind: LockConfig
