apiVersion: vendir.k14s.io/v1alpha1
directories:
- contents:
  - configDigest: edf1ec43cd1e16349a0fcfa32745f0db459a4bfd6edd4a94b56810e911c85a9a
    helmChart:
      appVersion: 18.4.0
      version: 18.6.9
    path: .
  path: .myks/vendir-cache/helm-postgresql-18.6.9-1d9565e074ff78a0/data
kind: LockConfig
