apiVersion: vendir.k14s.io/v1alpha1
directories:
- contents:
  - configDigest: ad904424d5e366d3b8f194d725a44dd41d0843faf468b4e2e17c9a1ffc3840d9
    helmChart:
      appVersion: 8.2.1
      version: 22.0.4
    path: .
  path: .myks/vendir-cache/helm-redis-22.0.4-6777cd20eec9e7f2/data
kind: LockConfig
