apiVersion: vendir.k14s.io/v1alpha1
directories:
- contents:
  - configDigest: 87c4ddc2fbf48faae09f2e0e06d3ad007ffc680edb92545a709dade67173f1ea
    helmChart:
      appVersion: 17.5.0
      version: 16.7.24
    path: .
  path: .myks/vendir-cache/helm-postgresql-16.7.24-c62a22bc647fa93b/data
kind: LockConfig
