apiVersion: vendir.k14s.io/v1alpha1
directories:
- contents:
  - configDigest: da91d9600e0a92d33b696f1ce0481b0f15120797f6e9eeb42a46a2d728282f2e
    helmChart:
      appVersion: v3.4.5
      version: 10.1.3
    path: .
  path: .myks/vendir-cache/helm-argo-cd-10.1.3-4ce13739271546a1/data
kind: LockConfig
