apiVersion: vendir.k14s.io/v1alpha1
directories:
- contents:
  - configDigest: 30dc55003bc1a112e8ccb58500321c2fd16dd989dcbf6ba6cedf39eb2000b4ce
    helmChart:
      appVersion: 7.2.5
      version: 19.5.4
    path: .
  path: .myks/vendir-cache/helm-redis-19.5.4-6996670541564a3d/data
kind: LockConfig
