---
apiVersion: imgpkg.carvel.dev/v1alpha1
images:
- annotations:
    kbld.carvel.dev/id: ghcr.io/dani-garcia/vaultwarden:1.34.3
    kbld.carvel.dev/origins: |
      - resolved:
          tag: 1.34.3
          url: oci.zebradil.dev/ghcr.io-cache/dani-garcia/vaultwarden:1.34.3
  image: oci.zebradil.dev/ghcr.io-cache/dani-garcia/vaultwarden@sha256:84fd8a47f58d79a1ad824c27be0a9492750c0fa5216b35c749863093bfa3c3d7
kind: ImagesLock
