apiVersion: vendir.k14s.io/v1alpha1
directories:
- contents:
  - configDigest: 48b2f0f9e5f4938d772c007245caaabb7594ae41dc7abdebadfd7f28b1c44727
    helmChart:
      appVersion: 7.4.2
      version: 20.11.3
    path: .
  path: .myks/vendir-cache/helm-redis-20.11.3-4bced812cfc2ca4b/data
kind: LockConfig
