apiVersion: vendir.k14s.io/v1alpha1
directories:
- contents:
  - configDigest: a9bec2528c6c60ef3a29089968822432bf65b71d2292245891c34c5cb0678dda
    helmChart:
      appVersion: 4.39.19
      version: 0.11.4
    path: .
  path: .myks/vendir-cache/helm-authelia-0.11.4-14ce366527c58db7/data
kind: LockConfig
