apiVersion: vendir.k14s.io/v1alpha1
directories:
- contents:
  - configDigest: 9f4b672998cc9bb6c320db9212929ff05d4a4496e8a291d7f42697e93202f523
    helmChart:
      appVersion: 18.1.0
      version: 18.1.11
    path: .
  path: .myks/vendir-cache/helm-postgresql-18.1.11-e376afe2a910dd7f/data
kind: LockConfig
