apiVersion: vendir.k14s.io/v1alpha1
directories:
- contents:
  - configDigest: 3f83c815b7054d03242b2f721238845923b71bdb1cbd220455df64739ebe303e
    helmChart:
      appVersion: 8.6.3
      version: 25.5.1
    path: .
  path: .myks/vendir-cache/helm-redis-25.5.1-709f12a924f38518/data
kind: LockConfig
