apiVersion: vendir.k14s.io/v1alpha1
directories:
- contents:
  - configDigest: ac730b35187560f5e69ff667a6f453b686b3d782c479714e82a6cf79c2ae3bbe
    helmChart:
      appVersion: 7.2.5
      version: 19.6.1
    path: .
  path: .myks/vendir-cache/helm-redis-19.6.1-a8d4f51d57b0ae9b/data
kind: LockConfig
