apiVersion: vendir.k14s.io/v1alpha1
directories:
- contents:
  - configDigest: ce6738efb7c59080332a7bfa57b1bde894940534639fb1564c9388110cef4154
    helmChart:
      appVersion: 8.10.1
      version: 28.0.7
    path: .
  path: .myks/vendir-cache/helm-redis-28.0.7-7217aa65e06f406a/data
kind: LockConfig
