apiVersion: vendir.k14s.io/v1alpha1
directories:
- contents:
  - configDigest: 7dc5c5e105ccdbe0027f6dcff0190f0c847988633a2ae3b453d509b75d3569e8
    helmChart:
      appVersion: 4.39.6
      version: 0.10.42
    path: .
  path: .myks/vendir-cache/helm-authelia-0.10.42-77e52f046a3be209/data
kind: LockConfig
