apiVersion: vendir.k14s.io/v1alpha1
directories:
- contents:
  - configDigest: 19114ebdf9b426cd997905b9f97628761a43adbc5646275c3714f9047922bf8d
    helmChart:
      appVersion: 8.4.0
      version: 24.1.2
    path: .
  path: .myks/vendir-cache/helm-redis-24.1.2-75ad7e431d06677e/data
kind: LockConfig
