apiVersion: vendir.k14s.io/v1alpha1
directories:
- contents:
  - configDigest: 2cc87451439eedbb6e2966e4f4b26c67346e6a4c5fd82d12197bd44a3bb687dc
    helmChart:
      appVersion: 8.4.0
      version: 24.0.8
    path: .
  path: .myks/vendir-cache/helm-redis-24.0.8-b296a30e9c691cbc/data
kind: LockConfig
