apiVersion: vendir.k14s.io/v1alpha1
directories:
- contents:
  - configDigest: edf672255203f990671b1865e3b6ee22f34ed3a2344d5e4a7731ff6d6b7714ca
    helmChart:
      appVersion: v3.5.3
      version: 10.9.4
    path: .
  path: .myks/vendir-cache/helm-argo-cd-10.9.4-bc506b30eda6889c/data
kind: LockConfig
