apiVersion: vendir.k14s.io/v1alpha1
directories:
- contents:
  - configDigest: 712c6a55bbc54db5415cfb9923435d7054cc2f5a966f46e4fa1a4784893ab876
    helmChart:
      appVersion: 7.2.5
      version: 19.4.0
    path: .
  path: .myks/vendir-cache/helm-redis-19.4.0-bc12150c498479d0/data
kind: LockConfig
