apiVersion: vendir.k14s.io/v1alpha1
directories:
- contents:
  - configDigest: 4cfedbb34c8d9921d952be2109a07cdf64dcf1e8574fc877a23ad202fe1d9a95
    helmChart:
      appVersion: v1.138.0
      version: 0.37.0
    path: .
  path: .myks/vendir-cache/helm-victoria-metrics-cluster-0.37.0-93be5791021a029d/data
kind: LockConfig
