apiVersion: vendir.k14s.io/v1alpha1
directories:
- contents:
  - configDigest: 1ed3be16970ae5a7f9112046a234e30c3cc22f817f912345629a062585490e44
    helmChart:
      appVersion: 8.8.0
      version: 27.0.12
    path: .
  path: .myks/vendir-cache/helm-redis-27.0.12-c08a643eea1e8c61/data
kind: LockConfig
