apiVersion: vendir.k14s.io/v1alpha1
directories:
- contents:
  - configDigest: 657789cee8ad209f209d0b068e533fb078318b1a929a5954bddc749ad40bb7d1
    helmChart:
      appVersion: 18.6.0
      version: 18.11.3
    path: .
  path: .myks/vendir-cache/helm-postgresql-18.11.3-9afa1627d1484868/data
kind: LockConfig
