apiVersion: vendir.k14s.io/v1alpha1
directories:
- contents:
  - configDigest: dc2b89bfdd1d8d8013deec40cf1cafc3da7b2a2f19be33866c759652817762ea
    helmChart:
      appVersion: v3.4.3
      version: 36.3.0
    path: .
  path: .myks/vendir-cache/helm-traefik-36.3.0-b8461b0ccb2b6c67/data
kind: LockConfig
