apiVersion: vendir.k14s.io/v1alpha1
directories:
- contents:
  - configDigest: 6c49d99b8abc9ea44682114e105995da6dea19a4a3d77cb9c9e664b528a36682
    helmChart:
      appVersion: v3.7.9
      version: 41.1.0
    path: .
  path: .myks/vendir-cache/helm-traefik-41.1.0-b2444c5f7e7c2c66/data
kind: LockConfig
