apiVersion: vendir.k14s.io/v1alpha1
directories:
- contents:
  - configDigest: 961a74c70d1dacf8d3ccc8dafc1c51e7cb358d372e2d2e05d454ddd2ea78754c
    helmChart:
      appVersion: v1.15.3
      version: v1.15.3
    path: .
  path: .myks/vendir-cache/helm-cert-manager-v1.15.3-24fb5a3c9da1bee4/data
kind: LockConfig
