apiVersion: vendir.k14s.io/v1alpha1
directories:
- contents:
  - configDigest: 7dc50ce753718761a7ac2eab6355def73ac7f605b5fcffc384c16dd7094d6612
    helmChart:
      appVersion: v1.132.0
      version: 0.66.1
    path: .
  path: .myks/vendir-cache/helm-victoria-metrics-k8s-stack-0.66.1-2c003d328b84da98/data
kind: LockConfig
