apiVersion: vendir.k14s.io/v1alpha1
directories:
- contents:
  - configDigest: c41a430dba3e9f81c8ee2f7fb4a5e4d24e5c6b4e6d275d5374b5366704780c42
    helmChart:
      appVersion: 18.4.0
      version: 18.8.5
    path: .
  path: .myks/vendir-cache/helm-postgresql-18.8.5-81d151a66602a992/data
kind: LockConfig
