apiVersion: vendir.k14s.io/v1alpha1
directories:
- contents:
  - configDigest: 1fd4499e57bfc74de700cace0c9c40cb2c877499e84c036a27cd13b515682b24
    helmChart:
      appVersion: v0.89.0
      version: 27.0.1
    path: .
  path: .myks/vendir-cache/helm-prometheus-operator-crds-27.0.1-75dc766f5f3da117/data
kind: LockConfig
