apiVersion: vendir.k14s.io/v1alpha1
directories:
- contents:
  - configDigest: 4466ac77069b7241d587bd984e023ce4757ceee96eae60d39006b8c0ec216ca0
    helmChart:
      appVersion: 4.39.6
      version: 0.10.44
    path: .
  path: .myks/vendir-cache/helm-authelia-0.10.44-77eb6b046a40b3ab/data
kind: LockConfig
