apiVersion: vendir.k14s.io/v1alpha1
directories:
- contents:
  - configDigest: 9b3fff0cbd305380eaee0b4a19b9379d7b05407b1f4e6f942e051a20a00a6b41
    helmChart:
      appVersion: v3.4.1
      version: 9.5.13
    path: .
  path: .myks/vendir-cache/helm-argo-cd-9.5.13-9fbf1757ccce916a/data
kind: LockConfig
