apiVersion: vendir.k14s.io/v1alpha1
directories:
- contents:
  - configDigest: 345b1e54ab15114ddbc15c6a1f47d4bfca845cb92bb65e7bfa29b16552a3a365
    helmChart:
      appVersion: 4.39.16
      version: 0.10.50
    path: .
  path: .myks/vendir-cache/helm-authelia-0.10.50-360ee2d39c92a81/data
kind: LockConfig
