apiVersion: vendir.k14s.io/v1alpha1
directories:
- contents:
  - configDigest: 6abfef2b313d13826ca0b9c82893388c0149c12b4acd67fde99d10635c065e1f
    git:
      commitTitle: Bump versions to 1.6.29 and 2.0.18...
      sha: e3f1a7defae863ba55a632741cb2932be4f2509d
      tags:
      - v1.6.29
    path: .
  path: .myks/vendir-cache/git-k8s-monitoring-helm-v1.6.29-49834fed80623c04/data
kind: LockConfig
