apiVersion: vendir.k14s.io/v1alpha1
directories:
- contents:
  - configDigest: 8d05e7dfe6c8d29dd10089c876ec9f38146c09127f925eb6648369b04e4be84e
    helmChart:
      appVersion: 4.38.9
      version: 0.9.5
    path: .
  path: .myks/vendir-cache/helm-authelia-0.9.5-bb888c2417b7ac5e/data
kind: LockConfig
