apiVersion: vendir.k14s.io/v1alpha1
directories:
- contents:
  - configDigest: f3a5e8206329a15a0359a0338fda1aeb65cfc7845a97c6f439dfb796899429cf
    git:
      commitTitle: Bump version to 2.9.6 (#17078)...
      sha: ba62a0a86d19f71a65ec2b510a39ea55497e1580
      tags:
      - v2.9.6
    path: .
  path: envs/alpha/_apps/argocd/vendor/ytt/argocd
kind: LockConfig
