apiVersion: vendir.k14s.io/v1alpha1
directories:
- contents:
  - configDigest: cf5a9d3c5285b3d2295124d0c378020eeab14156776ef4aec8611f1c0ab9f006
    git:
      commitTitle: fix cosign (#17656)...
      sha: 335875d13e018bed6e03873f4742582582964745
      tags:
      - stable
    path: .
  path: envs/alpha/_apps/argocd/vendor/ytt/argocd
kind: LockConfig
