apiVersion: vendir.k14s.io/v1alpha1
directories:
- contents:
  - configDigest: 8f54b0272366cb69f0b55fb8671f70afb4259e9974ada5e2ce6c19f5eaefabb4
    git:
      commitTitle: Bump version to 2.10.3 (#17513)...
      sha: 0fd6344537eb948cff602824a1d060421ceff40e
      tags:
      - stable
    path: .
  path: envs/alpha/_apps/argocd/vendor/ytt/argocd
kind: LockConfig
