apiVersion: vendir.k14s.io/v1alpha1
directories:
- contents:
  - configDigest: f6dd611bf9686326c115a16b95770074c8bdcb27b4e92fd00e6a083f8ab36e03
    helmChart:
      appVersion: 8.2.0
      version: 22.0.1
    path: .
  path: .myks/vendir-cache/helm-redis-22.0.1-67820920eed2a26b/data
kind: LockConfig
