apiVersion: vendir.k14s.io/v1alpha1
directories:
- contents:
  - configDigest: e21731332d4db5d0f28814971a63a9de770ebd593cc98ae32c8ba7849b6f5b76
    helmChart:
      appVersion: 16.3.0
      version: 15.5.0
    path: .
  path: .myks/vendir-cache/helm-postgresql-15.5.0-4fdfeaa4d1a911e4/data
kind: LockConfig
