apiVersion: vendir.k14s.io/v1alpha1
directories:
- contents:
  - configDigest: dce1584611a7c1a145bffa0d4953e70a2677d34d0c26364f8bf885c6ad900757
    helmChart:
      appVersion: 16.4.0
      version: 15.5.22
    path: .
  path: .myks/vendir-cache/helm-postgresql-15.5.22-51e82110390cf352/data
kind: LockConfig
