apiVersion: vendir.k14s.io/v1alpha1
directories:
- contents:
  - configDigest: 591dc11e358a2dec48415efe40f2b285050061d253149ef9b4825bcc0431b491
    helmChart:
      appVersion: 4.39.13
      version: 0.10.47
    path: .
  path: .myks/vendir-cache/helm-authelia-0.10.47-77f62b046a4a4e70/data
kind: LockConfig
