apiVersion: vendir.k14s.io/v1alpha1
directories:
- contents:
  - configDigest: 33cb484dd109eb7e09c1f0e94649e48d461987d2c56fb1aad984a09ed4610e02
    helmChart:
      appVersion: 8.2.2
      version: 23.1.7
    path: .
  path: .myks/vendir-cache/helm-redis-23.1.7-390fa4e9bb5b6665/data
kind: LockConfig
