apiVersion: vendir.k14s.io/v1alpha1
directories:
- contents:
  - configDigest: e8e8b635a6087ec5842469a5fa537ae751b92d7d6f73968507e5ecaec8c8ba23
    helmChart:
      appVersion: 8.6.3
      version: 25.5.2
    path: .
  path: .myks/vendir-cache/helm-redis-25.5.2-734671bd4575039/data
kind: LockConfig
