apiVersion: vendir.k14s.io/v1alpha1
directories:
- contents:
  - configDigest: bc92e7904c3cb13b86c2d21527fef69fe792f6a772a0be334611876e88c69704
    git:
      commitTitle: Update to version 1.1.3
      sha: a4270a3a9c793694f58f9284eb117b44f3f51e64
      tags:
      - v1.1.3
    path: .
  path: ytt/synologi-csi
kind: LockConfig
