apiVersion: vendir.k14s.io/v1alpha1
directories:
- contents:
  - configDigest: 90daf932ef13fe6e6c2555d188153fdf0dfc4a805e495170fa5e05286b24c39c
    helmChart:
      appVersion: 18.3.0
      version: 18.6.3
    path: .
  path: .myks/vendir-cache/helm-postgresql-18.6.3-6f2aee4733ece9fa/data
kind: LockConfig
