apiVersion: vendir.k14s.io/v1alpha1
directories:
- contents:
  - configDigest: a6987fa019c109300a18326c745afcc1e98bea1168371e683e0c20e79f6fb6f8
    helmChart:
      appVersion: 8.10.2
      version: 28.2.4
    path: .
  path: .myks/vendir-cache/helm-redis-28.2.4-e91b520f8b6c34e9/data
kind: LockConfig
