apiVersion: vendir.k14s.io/v1alpha1
directories:
- contents:
  - configDigest: 3dcbc5f8351b0adf38cac6223002506a5893fe072bdfe5d0663f44c608ed9a3f
    helmChart:
      appVersion: 8.10.0
      version: 28.0.2
    path: .
  path: .myks/vendir-cache/helm-redis-28.0.2-2415349c07422495/data
kind: LockConfig
