apiVersion: vendir.k14s.io/v1alpha1
directories:
- contents:
  - configDigest: e2762cd67585ff7746b5d969ed58eef53fb6c41c93ab19fd6352f97572e8fcab
    helmChart:
      appVersion: 16.4.0
      version: 15.5.26
    path: .
  path: .myks/vendir-cache/helm-postgresql-15.5.26-51f5e1103918c3ee/data
kind: LockConfig
