apiVersion: vendir.k14s.io/v1alpha1
directories:
- contents:
  - configDigest: c10042fde4a73fc613a7d1b5b5ba51bb360e68d8e068126bf71ab24450637f49
    helmChart:
      appVersion: 17.0.0
      version: 16.1.0
    path: .
  path: .myks/vendir-cache/helm-postgresql-16.1.0-32b65a9d7c8b8593/data
kind: LockConfig
