apiVersion: vendir.k14s.io/v1alpha1
directories:
- contents:
  - configDigest: 3c2da36ebf0643f54fce01f28060bbbfda01a0132dde24de92f1c67de6d31ffb
    helmChart:
      appVersion: 17.4.0
      version: 16.5.6
    path: .
  path: .myks/vendir-cache/helm-postgresql-16.5.6-97f2fe7d3685a945/data
kind: LockConfig
