apiVersion: vendir.k14s.io/v1alpha1
directories:
- contents:
  - configDigest: 988ceb1866b0287f256b5b58d16e87a86ddeea870b701e2a24f1a3421637e2e2
    helmChart:
      appVersion: 8.2.1
      version: 22.0.5
    path: .
  path: .myks/vendir-cache/helm-redis-22.0.5-67740920eec6650f/data
kind: LockConfig
