apiVersion: vendir.k14s.io/v1alpha1
directories:
- contents:
  - configDigest: 377559a03ec1959e6aed3795e7ddc6df1ca97956b9e032ac27c831c5a11c3a91
    helmChart:
      appVersion: 18.4.0
      version: 18.8.4
    path: .
  path: .myks/vendir-cache/helm-postgresql-18.8.4-fda1a641e1c0e081/data
kind: LockConfig
