apiVersion: vendir.k14s.io/v1alpha1
directories:
- contents:
  - configDigest: 57462ff9f55d3cde3780706a728b654d731a54bf546045767a7a9a628ea935a2
    helmChart:
      appVersion: v3.1.2
      version: 31.0.0
    path: .
  path: .myks/vendir-cache/helm-traefik-31.0.0-2b1c15937f75257f/data
kind: LockConfig
