apiVersion: vendir.k14s.io/v1alpha1
directories:
- contents:
  - configDigest: e0e398bc5591c8535a2e14629ab1c0a39759ca54bf8c341277abdfc1741ca018
    git:
      commitTitle: Bump version to 2.12.5 (#20437)...
      sha: 85be9a4f22981ac18b3b0438f4df84f36ea32236
      tags:
      - v2.12.5
    path: .
  path: .myks/vendir-cache/git-argo-cd-v2.12.5-1ed2811617ae29a3/data
kind: LockConfig
