---
apiVersion: imgpkg.carvel.dev/v1alpha1
images:
- annotations:
    kbld.carvel.dev/id: ghcr.io/corentinth/it-tools:2023.12.21-5ed3693
    kbld.carvel.dev/origins: |
      - resolved:
          tag: 2023.12.21-5ed3693
          url: ghcr.io/corentinth/it-tools:2023.12.21-5ed3693
      - preresolved:
          url: ghcr.io/corentinth/it-tools@sha256:4aaf67eab769afc9dac5614a15614537446e11150d53eab3be34ac9775a27e3a
  image: ghcr.io/corentinth/it-tools@sha256:4aaf67eab769afc9dac5614a15614537446e11150d53eab3be34ac9775a27e3a
kind: ImagesLock
