apiVersion: vendir.k14s.io/v1alpha1
directories:
- contents:
  - configDigest: f5b1dbde83ea8b84dae8b4d3a1a15edbdf6cacf50c86295521ba675f681d5abd
    git:
      commitTitle: remove unwanted updating of source-position in app set command
        (#18887) (#18896)...
      sha: e1284e19e03c9abab2ea55314b14b1e0381c4045
      tags:
      - v2.11.4
    path: .
  path: .myks/vendir-cache/git-argo-cd-v2.11.4-5834af86c8c503d1/data
kind: LockConfig
