apiVersion: vendir.k14s.io/v1alpha1
directories:
- contents:
  - configDigest: fe8367f5da1ecd5379d1f7cd7fb503a819d56d86f3ab1edb7af0672188fd1da0
    helmChart:
      appVersion: v3.2.4
      version: 9.3.3
    path: .
  path: .myks/vendir-cache/helm-argo-cd-9.3.3-d23f844b9a4b638e/data
kind: LockConfig
