apiVersion: vendir.k14s.io/v1alpha1
directories:
- contents:
  - configDigest: 36ff86bf65312c30bb568234b571cfbd026e485b409b36a390b3b294cd8de72e
    helmChart:
      appVersion: 8.4.1
      version: 24.1.8
    path: .
  path: .myks/vendir-cache/helm-redis-24.1.8-ab25eca0522988d4/data
kind: LockConfig
