apiVersion: vendir.k14s.io/v1alpha1
directories:
- contents:
  - configDigest: b5a83620418bf27b593615f4522d182efc162f6e4debf509ffc7eda524cc0707
    helmChart:
      appVersion: 17.2.0
      version: 16.3.1
    path: .
  path: .myks/vendir-cache/helm-postgresql-16.3.1-45f43a8c6e609708/data
kind: LockConfig
