apiVersion: vendir.k14s.io/v1alpha1
directories:
- contents:
  - configDigest: aa9788d8be7e175371a851fc64a7ef05087bac24953c7eea6bcb5a68beddef59
    git:
      commitTitle: Bump version to 2.13.1 (#20865)...
      sha: af54ef8db5adfa77a08d4d05b1318a2198084c22
      tags:
      - stable
    path: .
  path: .myks/vendir-cache/git-argo-cd-origin-v2.13.1-48937494604f24f3/data
kind: LockConfig
