apiVersion: vendir.k14s.io/v1alpha1
directories:
- contents:
  - configDigest: 2e1711fc2316a1229751580a3b74dea22e6a9d24e80f58fda969ae01c5152835
    helmChart:
      appVersion: 16.4.0
      version: 15.5.25
    path: .
  path: .myks/vendir-cache/helm-postgresql-15.5.25-51f92110391b6685/data
kind: LockConfig
