apiVersion: vendir.k14s.io/v1alpha1
directories:
- contents:
  - configDigest: 9f6440d24113ad893ec0048a00e20bf820979e78a0bc5bc278191bf2a8c79dae
    helmChart:
      appVersion: v3.0.2
      version: 28.3.0
    path: .
  path: .myks/vendir-cache/helm-traefik-28.3.0-b0af29d89f6eb982/data
kind: LockConfig
