apiVersion: vendir.k14s.io/v1alpha1
directories:
- contents:
  - configDigest: c2a49e362cb06469f72d71745ec6b15551e45345da467a7c0d9e21a0ad13b91a
    helmChart:
      appVersion: 4.39.19
      version: 0.11.5
    path: .
  path: .myks/vendir-cache/helm-authelia-0.11.5-fb4d9c9622d4ec96/data
kind: LockConfig
