apiVersion: vendir.k14s.io/v1alpha1
directories:
- contents:
  - configDigest: 522232f90a6dc7831c8d7040829817d551f9981e4fc13a1b09409413b22d269b
    helmChart:
      appVersion: 18.2.0
      version: 18.3.0
    path: .
  path: .myks/vendir-cache/helm-postgresql-18.3.0-15ddfde89b4fe9a0/data
kind: LockConfig
