apiVersion: vendir.k14s.io/v1alpha1
directories:
- contents:
  - configDigest: 1f06160835d53a673b3997cecda62bdc26fc35d7abf3e9bc78c7773609ba9224
    helmChart:
      appVersion: 18.6.0
      version: 18.8.9
    path: .
  path: .myks/vendir-cache/helm-postgresql-18.8.9-5d7d8d2c821e8ed6/data
kind: LockConfig
