apiVersion: vendir.k14s.io/v1alpha1
directories:
- contents:
  - configDigest: 07c7786554988c2854ec34629a1e92e8ce33f3a8979df244e23d4d6e04233dea
    helmChart:
      appVersion: 4.38.16
      version: 0.9.14
    path: .
  path: .myks/vendir-cache/helm-authelia-0.9.14-3ee9bc543a360850/data
kind: LockConfig
