apiVersion: vendir.k14s.io/v1alpha1
directories:
- contents:
  - configDigest: af1772f1682fef263740d27a1540c63b36b044ad90baab2ee7d69816f63e8011
    helmChart:
      appVersion: 7.4.2
      version: 20.11.2
    path: .
  path: .myks/vendir-cache/helm-redis-20.11.2-4bd2dc12cfc6b9ee/data
kind: LockConfig
