apiVersion: vendir.k14s.io/v1alpha1
directories:
- contents:
  - configDigest: 5b3a4af67241ec4605d6da03188481f4d85750ac73b8262bd48ba6824e64c757
    helmChart:
      appVersion: 4.38.16
      version: 0.9.9
    path: .
  path: .myks/vendir-cache/helm-authelia-0.9.9-bb604c241795ed8a/data
kind: LockConfig
