apiVersion: vendir.k14s.io/v1alpha1
directories:
- contents:
  - configDigest: c785a42ecc9d3bb9ea65fc39867075d7f5bd2c17f444009bb4a069e4bd21b08e
    helmChart:
      appVersion: 16.2.0
      version: 14.1.8
    path: .
  path: envs/alpha/_apps/paperless/vendor/charts/postgresql
- contents:
  - configDigest: b875ed0ccfec27f93daeb2960c329795f3c7b42b57211a4538ace1268c78b343
    helmChart:
      appVersion: 7.2.4
      version: 18.13.0
    path: .
  path: envs/alpha/_apps/paperless/vendor/charts/redis
kind: LockConfig
