apiVersion: vendir.k14s.io/v1alpha1
directories:
- contents:
  - configDigest: fdb503d6c8927472b664ea946775ab8bfc72e2f4078d28bd4cfa3fcac18f52ac
    helmChart:
      appVersion: 16.2.0
      version: 15.2.9
    path: .
  path: envs/alpha/_apps/paperless/vendor/charts/postgresql
- contents:
  - configDigest: 40f9d29c8929d670c3ca92a482e44113a60a58b85450ba4e3c5bf04c2a2d7be4
    helmChart:
      appVersion: 7.2.4
      version: 19.3.0
    path: .
  path: envs/alpha/_apps/paperless/vendor/charts/redis
kind: LockConfig
