apiVersion: vendir.k14s.io/v1alpha1
directories:
- contents:
  - configDigest: f368ed719bd1347b09ca96fd5c5f4d3b248fa8b9af3907682f88c1c9e038f0f4
    helmChart:
      appVersion: v3.7.13
      version: 41.6.0
    path: .
  path: .myks/vendir-cache/helm-traefik-41.6.0-aba6820f19caed0f/data
kind: LockConfig
