apiVersion: vendir.k14s.io/v1alpha1
directories:
- contents:
  - configDigest: ee6cddaf78336d3dcddc1f288e1ba4d631e27b1d46f96518db19e33e346abc53
    git:
      commitTitle: Bump version to 2.10.9 (#18033)...
      sha: c071af808170bfc39cbdf6b9be4d0212dd66db0c
      tags:
      - v2.10.9
    path: .
  path: .myks/vendir-cache/git-argo-cd-v2.10.9-285abab53b664e1/data
kind: LockConfig
