apiVersion: vendir.k14s.io/v1alpha1
directories:
- contents:
  - configDigest: fb7d955fde68fe5f02dc2cf9ca2066cf0f42a8a384d55a8d37920845b004fc30
    git:
      commitTitle: Bump version to 2.14.2 on release-2.14 branch (#21797)...
      sha: ad2724661b66ede607db9b5bd4c3c26491f5be67
      tags:
      - stable
    path: .
  path: .myks/vendir-cache/git-argo-cd-origin-v2.14.2-f02719cd6d4a4fe3/data
kind: LockConfig
