apiVersion: vendir.k14s.io/v1alpha1
directories:
- contents:
  - configDigest: d626f96a1ba8b85516d8830f9f600cd3f40961270607f40ae6f4667a5d1ee937
    git:
      commitTitle: Bump version to 2.12.2 (#19657)...
      sha: 560953c37b343c956f3a18f3db7d006e694c0dc4
      tags:
      - stable
    path: .
  path: .myks/vendir-cache/git-argo-cd-v2.12.2-17dae0d835fd4aac/data
kind: LockConfig
