apiVersion: vendir.k14s.io/v1alpha1
directories:
- contents:
  - configDigest: 916ef6c21f97bdfbb29d4ac51b8d6504f9ce2fe1f037eee138e2b9a912d0e86e
    helmChart:
      appVersion: 7.4.2
      version: 20.10.1
    path: .
  path: .myks/vendir-cache/helm-redis-20.10.1-f953a60bc7956d6c/data
kind: LockConfig
