apiVersion: vendir.k14s.io/v1alpha1
directories:
- contents:
  - configDigest: 985e0e3e8b562fc6ddcb4ea2aebea0f952dfe047eb5bdafdde6eeba83d25f0a0
    helmChart:
      appVersion: 17.2.0
      version: 16.3.0
    path: .
  path: .myks/vendir-cache/helm-postgresql-16.3.0-45f03e8c6e5cb4fd/data
kind: LockConfig
