apiVersion: vendir.k14s.io/v1alpha1
directories:
- contents:
  - configDigest: cd3aecce8879f11fad099a7bece4ec683e040ae6c83e0e4e87ecaa9bc0bf6334
    helmChart:
      appVersion: 16.3.0
      version: 15.3.0
    path: .
  path: .myks/vendir-cache/helm-postgresql-15.3.0-4d10ee9325c1a1ae/data
kind: LockConfig
