apiVersion: vendir.k14s.io/v1alpha1
directories:
- contents:
  - configDigest: 323bfe5b29be5efcc9dad25dc24d2a194b89e8e81d93c8690e45ffcd8652b2b6
    helmChart:
      appVersion: v1.19.4
      version: v1.19.4
    path: .
  path: .myks/vendir-cache/helm-cert-manager-v1.19.4-9c90a02323342aee/data
kind: LockConfig
