apiVersion: vendir.k14s.io/v1alpha1
directories:
- contents:
  - configDigest: af0435908f4febe741b2252d97f3de6388c46fdb54d3e1866c76619eadb7b83f
    helmChart:
      appVersion: v3.4.3
      version: 9.5.17
    path: .
  path: .myks/vendir-cache/helm-argo-cd-9.5.17-92f634e079c5efe6/data
kind: LockConfig
