apiVersion: vendir.k14s.io/v1alpha1
directories:
- contents:
  - configDigest: a893b89516368a8c9c7ec0cfa4554141ee82ca7a4e9d6431cea56aa458aeb673
    helmChart:
      appVersion: 8.2.3
      version: 23.2.3
    path: .
  path: .myks/vendir-cache/helm-redis-23.2.3-e25d32d106147cbe/data
kind: LockConfig
