apiVersion: vendir.k14s.io/v1alpha1
directories:
- contents:
  - configDigest: a3a06345e8a28f4b8bbe962dac6928a4011836c98492c00608c93ae59cbfe3b8
    helmChart:
      appVersion: v3.1.0
      version: 30.0.2
    path: .
  path: .myks/vendir-cache/helm-traefik-30.0.2-18787770e97624e4/data
kind: LockConfig
