apiVersion: vendir.k14s.io/v1alpha1
directories:
- contents:
  - configDigest: 3914cf2727e70ac46b420352302914edf16e2713f174e0fa1af1cd3e0b8a20ab
    helmChart:
      appVersion: 7.4.0
      version: 20.0.5
    path: .
  path: .myks/vendir-cache/helm-redis-20.0.5-aecd3df3fbadfb49/data
kind: LockConfig
