apiVersion: vendir.k14s.io/v1alpha1
directories:
- contents:
  - configDigest: 45f17310141371244ed77ac9390e571d5875c76621fca96880a23b59c34f15a9
    helmChart:
      appVersion: v3.6.0
      version: 37.3.0
    path: .
  path: .myks/vendir-cache/helm-traefik-37.3.0-4868d37dcb6f2b32/data
kind: LockConfig
