apiVersion: vendir.k14s.io/v1alpha1
directories:
- contents:
  - configDigest: b57da2fbff9ea425d9e8023978dfbf48f79c6280d26a280449bda2573819d099
    helmChart:
      appVersion: 18.1.0
      version: 18.2.3
    path: .
  path: .myks/vendir-cache/helm-postgresql-18.2.3-4773542dcb78d8d5/data
kind: LockConfig
