apiVersion: vendir.k14s.io/v1alpha1
directories:
- contents:
  - configDigest: 708e5b308a056c064da6bc747230a73445dde824387ac00f6f7ff0516a6c410d
    helmChart:
      appVersion: 18.6.0
      version: 18.8.12
    path: .
  path: .myks/vendir-cache/helm-postgresql-18.8.12-1cf504ed01851ab4/data
kind: LockConfig
