apiVersion: vendir.k14s.io/v1alpha1
directories:
- contents:
  - configDigest: 21f0b14430308e4f79f25548f254f50dac91d7317c0dd318bdb51678422faeb2
    helmChart:
      appVersion: v1.144.0
      version: 0.80.0
    path: .
  path: .myks/vendir-cache/helm-victoria-metrics-k8s-stack-0.80.0-3ff0809718c449da/data
kind: LockConfig
