apiVersion: vendir.k14s.io/v1alpha1
directories:
- contents:
  - configDigest: 239daeeaea7d0cd7d972c55bdfc1aa79ac8e27b8ce3f6f0ea36075ccbb896af1
    helmChart:
      appVersion: 8.10.2
      version: 28.3.0
    path: .
  path: .myks/vendir-cache/helm-redis-28.3.0-29a26bc2d7e29a32/data
kind: LockConfig
