apiVersion: vendir.k14s.io/v1alpha1
directories:
- contents:
  - configDigest: 3d8c8645444031fe8bd58054d61db4a59905053827e206ee4b5c1f8ec169d420
    helmChart:
      appVersion: v1.17.2
      version: v1.17.2
    path: .
  path: .myks/vendir-cache/helm-cert-manager-v1.17.2-76d8da2d65ab2a2f/data
kind: LockConfig
