apiVersion: vendir.k14s.io/v1alpha1
directories:
- contents:
  - configDigest: 933b3cdd430fb8b0d2c392372b94481d8fda74d16c7523252804b4a9dd7dea5e
    helmChart:
      appVersion: 17.2.0
      version: 16.4.6
    path: .
  path: .myks/vendir-cache/helm-postgresql-16.4.6-1606ac8579be289c/data
kind: LockConfig
