apiVersion: vendir.k14s.io/v1alpha1
directories:
- contents:
  - configDigest: 11107cacea30d59c94918aa7398affb4b8ad3c6a8f239555ed65153f371f8884
    helmChart:
      appVersion: 16.3.0
      version: 15.5.2
    path: .
  path: .myks/vendir-cache/helm-postgresql-15.5.2-4fd92ea4d1a366c2/data
kind: LockConfig
