apiVersion: vendir.k14s.io/v1alpha1
directories:
- contents:
  - configDigest: 7ff3d45b68fc4fcad3a2bdf4369eff1197cd0b7a654f8ee465cd514ad3510e76
    helmChart:
      appVersion: 8.2.2
      version: 23.2.2
    path: .
  path: .myks/vendir-cache/helm-redis-23.2.2-e2596ed10610f9db/data
kind: LockConfig
