apiVersion: vendir.k14s.io/v1alpha1
directories:
- contents:
  - configDigest: 90ecb95caf7261a0cb20ccf90009de786503d26ceda0d06eaeb568b5414cb0c9
    helmChart:
      appVersion: v3.5.0
      version: 10.2.3
    path: .
  path: .myks/vendir-cache/helm-argo-cd-10.2.3-4a02cb84d04292cc/data
kind: LockConfig
