apiVersion: vendir.k14s.io/v1alpha1
directories:
- contents:
  - configDigest: 9f39cf78ad47cdac575612039ce4ff61d8dc86f531bd1a56c54607fc0281cdb7
    helmChart:
      appVersion: 16.3.0
      version: 15.5.11
    path: .
  path: .myks/vendir-cache/helm-postgresql-15.5.11-5b0806103e591980/data
kind: LockConfig
