apiVersion: vendir.k14s.io/v1alpha1
directories:
- contents:
  - configDigest: fed8dd253d4bf0ce6c8a4da04d1236f10b460fd5f8d4596bf227618fe7f14810
    helmChart:
      appVersion: v1.16.1
      version: v1.16.1
    path: .
  path: .myks/vendir-cache/helm-cert-manager-v1.16.1-caac50346efde36d/data
kind: LockConfig
