apiVersion: vendir.k14s.io/v1alpha1
directories:
- contents:
  - configDigest: 3cc3a4490b0e1ec0088b336dbda0cfbf3caaecc30ab7cd528096723febc47598
    helmChart:
      appVersion: 7.4.1
      version: 20.5.0
    path: .
  path: .myks/vendir-cache/helm-redis-20.5.0-cb882c0bfe85cc85/data
kind: LockConfig
