apiVersion: vendir.k14s.io/v1alpha1
directories:
- contents:
  - configDigest: 78b1c7c40cace0fc899c6437b93565c3b983db0f950079924d9749bd89f2615c
    helmChart:
      appVersion: 18.2.0
      version: 18.2.9
    path: .
  path: .myks/vendir-cache/helm-postgresql-18.2.9-4653c0c5b4151a9c/data
kind: LockConfig
