apiVersion: vendir.k14s.io/v1alpha1
directories:
- contents:
  - configDigest: e5048a7db1a836594101a1aae8a9bbd3289847fbf0c30b52ad11ac7a62384788
    helmChart:
      appVersion: 18.0.0
      version: 18.1.8
    path: .
  path: .myks/vendir-cache/helm-postgresql-18.1.8-83b0215b5234619/data
kind: LockConfig
