apiVersion: vendir.k14s.io/v1alpha1
directories:
- contents:
  - configDigest: ec77ad8def1c5fe5002dff76a033e0db301f60a8568efb7e18fd604a4942d841
    helmChart:
      appVersion: v1.14.4
      version: v1.14.4
    path: .
  path: envs/alpha/_apps/cert-manager/vendor/charts/cert-manager
- contents:
  - configDigest: 9d3d357e0f538ac06f023056420af101e09b2bb2c0d56f4d143f9726117eb03c
    http: {}
    path: .
  path: envs/alpha/_apps/cert-manager/vendor/ytt
kind: LockConfig
