apiVersion: vendir.k14s.io/v1alpha1
directories:
- contents:
  - configDigest: b495984009ad4a876148e3d6d4cfd60c1014ba0421cb4c9d60081238a1e918ab
    helmChart:
      appVersion: v1.14.2
      version: v1.14.2
    path: .
  path: envs/alpha/_apps/cert-manager/vendor/charts/cert-manager
- contents:
  - configDigest: 8c6a43c2692677ad8dbb1702ae0b6389281a463ddb7a0fec439240d108eebfd0
    http: {}
    path: .
  path: envs/alpha/_apps/cert-manager/vendor/ytt
kind: LockConfig
