apiVersion: vendir.k14s.io/v1alpha1
directories:
- contents:
  - configDigest: 7fa444e0259b6b4e5121792a281a91742b9c015915aef65665d46fd4e79079d6
    helmChart:
      appVersion: 18.6.0
      version: 18.8.8
    path: .
  path: .myks/vendir-cache/helm-postgresql-18.8.8-fe0e537873844125/data
kind: LockConfig
