apiVersion: vendir.k14s.io/v1alpha1
directories:
- contents:
  - configDigest: ba0beb247b42a8551f261f79fff15505ebf8a84936877bebeb40f99f392e2f5c
    git:
      commitTitle: Bump version to 2.14.6 on release-2.14 branch (#22393)...
      sha: fe2a6e91b61299a476cc25948cbb53eb1ca1cc14
      tags:
      - v2.14.6
    path: .
  path: .myks/vendir-cache/git-argo-cd-origin-v2.14.6-4aa1e878c2b5dd5f/data
kind: LockConfig
